// !$*UTF8*$!
{
	archiveVersion = 1;
	classes = {
	};
	objectVersion = 46;
	objects = {

/* Begin PBXBuildFile section */
		52F10E42D4242049BAB3965A /* libPods.a in Frameworks */ = {isa = PBXBuildFile; fileRef = 66424C3978E90A581447440D /* libPods.a */; };
		73211CE21ADCC62D00788E40 /* LoginViewController.m in Sources */ = {isa = PBXBuildFile; fileRef = 73211CE01ADCC62D00788E40 /* LoginViewController.m */; };
		73211CE31ADCC62D00788E40 /* LoginViewController.xib in Resources */ = {isa = PBXBuildFile; fileRef = 73211CE11ADCC62D00788E40 /* LoginViewController.xib */; };
		73211CE51ADCC71600788E40 /* logo.png in Resources */ = {isa = PBXBuildFile; fileRef = 73211CE41ADCC71600788E40 /* logo.png */; };
		73211CE71ADCC81500788E40 /* loginName.png in Resources */ = {isa = PBXBuildFile; fileRef = 73211CE61ADCC81500788E40 /* loginName.png */; };
		73211CE91ADCD20000788E40 /* loginPass.png in Resources */ = {isa = PBXBuildFile; fileRef = 73211CE81ADCD20000788E40 /* loginPass.png */; };
		73211D0F1ADD05B300788E40 /* NSString+NSString_MD5.m in Sources */ = {isa = PBXBuildFile; fileRef = 73211D0E1ADD05B300788E40 /* NSString+NSString_MD5.m */; };
		73211D151ADD0D8B00788E40 /* JSONKit.m in Sources */ = {isa = PBXBuildFile; fileRef = 73211D141ADD0D8B00788E40 /* JSONKit.m */; settings = {COMPILER_FLAGS = "-fno-objc-arc"; }; };
		7322117B1AD62B6E00026841 /* AccountViewCell.m in Sources */ = {isa = PBXBuildFile; fileRef = 7322117A1AD62B6E00026841 /* AccountViewCell.m */; };
		7322117E1AD641FC00026841 /* AccountModel.m in Sources */ = {isa = PBXBuildFile; fileRef = 7322117D1AD641FC00026841 /* AccountModel.m */; };
		732211841AD64A7100026841 /* HeaderView.m in Sources */ = {isa = PBXBuildFile; fileRef = 732211831AD64A7100026841 /* HeaderView.m */; };
		7322118F1AD6602E00026841 /* AddMenuView.m in Sources */ = {isa = PBXBuildFile; fileRef = 7322118E1AD6602E00026841 /* AddMenuView.m */; };
		732211921AD6645000026841 /* iphone5s-5@2_03.png in Resources */ = {isa = PBXBuildFile; fileRef = 732211911AD6645000026841 /* iphone5s-5@2_03.png */; };
		732211941AD6658A00026841 /* PHOTO.png in Resources */ = {isa = PBXBuildFile; fileRef = 732211931AD6658A00026841 /* PHOTO.png */; };
		732F73B41AD4F7C0006E4DC9 /* MenuViewCell.m in Sources */ = {isa = PBXBuildFile; fileRef = 732F73B31AD4F7C0006E4DC9 /* MenuViewCell.m */; };
		732F73B81AD4FA5F006E4DC9 /* UIViewAdditions.m in Sources */ = {isa = PBXBuildFile; fileRef = 732F73B71AD4FA5F006E4DC9 /* UIViewAdditions.m */; settings = {COMPILER_FLAGS = "-fno-objc-arc"; }; };
		732F73BB1AD503E5006E4DC9 /* MenuModel.m in Sources */ = {isa = PBXBuildFile; fileRef = 732F73BA1AD503E5006E4DC9 /* MenuModel.m */; };
		732F73BE1AD50F7B006E4DC9 /* AddMenuCell.m in Sources */ = {isa = PBXBuildFile; fileRef = 732F73BD1AD50F7B006E4DC9 /* AddMenuCell.m */; };
		732F73C11AD514B9006E4DC9 /* AddMenuViewController.m in Sources */ = {isa = PBXBuildFile; fileRef = 732F73C01AD514B9006E4DC9 /* AddMenuViewController.m */; };
		732F73C41AD51BE6006E4DC9 /* EditMenuViewController.m in Sources */ = {isa = PBXBuildFile; fileRef = 732F73C31AD51BE6006E4DC9 /* EditMenuViewController.m */; };
		732F73C71AD51DFD006E4DC9 /* EditViewCell.m in Sources */ = {isa = PBXBuildFile; fileRef = 732F73C61AD51DFD006E4DC9 /* EditViewCell.m */; };
		7336EFB61AE5FBA500D03B03 /* dealprint.png in Resources */ = {isa = PBXBuildFile; fileRef = 7336EFB41AE5FBA500D03B03 /* dealprint.png */; };
		7336EFB71AE5FBA500D03B03 /* nulliy.png in Resources */ = {isa = PBXBuildFile; fileRef = 7336EFB51AE5FBA500D03B03 /* nulliy.png */; };
		7336EFB91AE600F000D03B03 /* delivery_s.png in Resources */ = {isa = PBXBuildFile; fileRef = 7336EFB81AE600F000D03B03 /* delivery_s.png */; };
		7336EFBB1AE616C900D03B03 /* didDelivery_s.png in Resources */ = {isa = PBXBuildFile; fileRef = 7336EFBA1AE616C900D03B03 /* didDelivery_s.png */; };
		7336EFBE1AE61A0700D03B03 /* delivery_n.png in Resources */ = {isa = PBXBuildFile; fileRef = 7336EFBC1AE61A0700D03B03 /* delivery_n.png */; };
		7336EFBF1AE61A0700D03B03 /* didDelivery_n.png in Resources */ = {isa = PBXBuildFile; fileRef = 7336EFBD1AE61A0700D03B03 /* didDelivery_n.png */; };
		7336EFC21AE63E1B00D03B03 /* dealDelivery_e.png in Resources */ = {isa = PBXBuildFile; fileRef = 7336EFC01AE63E1B00D03B03 /* dealDelivery_e.png */; };
		7336EFC31AE63E1B00D03B03 /* dealDelivery_n.png in Resources */ = {isa = PBXBuildFile; fileRef = 7336EFC11AE63E1B00D03B03 /* dealDelivery_n.png */; };
		7336EFC51AE6405A00D03B03 /* processedBack.png in Resources */ = {isa = PBXBuildFile; fileRef = 7336EFC41AE6405A00D03B03 /* processedBack.png */; };
		7337941A1AE738850077B188 /* NewOrderModel.m in Sources */ = {isa = PBXBuildFile; fileRef = 733794191AE738850077B188 /* NewOrderModel.m */; };
		7337941D1AE73B760077B188 /* flod.png in Resources */ = {isa = PBXBuildFile; fileRef = 7337941B1AE73B760077B188 /* flod.png */; };
		7337941E1AE73B760077B188 /* unfold.png in Resources */ = {isa = PBXBuildFile; fileRef = 7337941C1AE73B760077B188 /* unfold.png */; };
		733794211AE752CA0077B188 /* DealOrderModel.m in Sources */ = {isa = PBXBuildFile; fileRef = 733794201AE752CA0077B188 /* DealOrderModel.m */; };
		733794251AE77A1F0077B188 /* libz.dylib in Frameworks */ = {isa = PBXBuildFile; fileRef = 733794241AE77A1F0077B188 /* libz.dylib */; };
		733794271AE77A2B0077B188 /* Security.framework in Frameworks */ = {isa = PBXBuildFile; fileRef = 733794261AE77A2B0077B188 /* Security.framework */; };
		733794291AE77A3A0077B188 /* SystemConfiguration.framework in Frameworks */ = {isa = PBXBuildFile; fileRef = 733794281AE77A3A0077B188 /* SystemConfiguration.framework */; };
		7337942B1AE77A460077B188 /* CoreTelephony.framework in Frameworks */ = {isa = PBXBuildFile; fileRef = 7337942A1AE77A460077B188 /* CoreTelephony.framework */; };
		7337942D1AE77A500077B188 /* CoreFoundation.framework in Frameworks */ = {isa = PBXBuildFile; fileRef = 7337942C1AE77A500077B188 /* CoreFoundation.framework */; };
		7337942F1AE77A670077B188 /* CFNetwork.framework in Frameworks */ = {isa = PBXBuildFile; fileRef = 7337942E1AE77A670077B188 /* CFNetwork.framework */; };
		733794311AE77A710077B188 /* UIKit.framework in Frameworks */ = {isa = PBXBuildFile; fileRef = 733794301AE77A710077B188 /* UIKit.framework */; };
		733794331AE77A840077B188 /* Foundation.framework in Frameworks */ = {isa = PBXBuildFile; fileRef = 733794321AE77A840077B188 /* Foundation.framework */; };
		733794351AE77A930077B188 /* CoreGraphics.framework in Frameworks */ = {isa = PBXBuildFile; fileRef = 733794341AE77A930077B188 /* CoreGraphics.framework */; };
		733794391AE77F0B0077B188 /* PushConfig.plist in Resources */ = {isa = PBXBuildFile; fileRef = 733794381AE77F0B0077B188 /* PushConfig.plist */; };
		7337943B1AE782D50077B188 /* lib in Resources */ = {isa = PBXBuildFile; fileRef = 7337943A1AE782D50077B188 /* lib */; };
		7337943D1AE78B200077B188 /* libPushSDK-1.8.3.a in Frameworks */ = {isa = PBXBuildFile; fileRef = 7337943C1AE78B200077B188 /* libPushSDK-1.8.3.a */; };
		733D81F31AEF25D50079CE8D /* RevewnueModel.m in Sources */ = {isa = PBXBuildFile; fileRef = 733D81F21AEF25D50079CE8D /* RevewnueModel.m */; };
		7349EA281AE89EA5003F37B3 /* nky.mp3 in Resources */ = {isa = PBXBuildFile; fileRef = 7349EA271AE89EA5003F37B3 /* nky.mp3 */; };
		734EECFC1AE09B530024DD66 /* UserInfo.m in Sources */ = {isa = PBXBuildFile; fileRef = 734EECFB1AE09B530024DD66 /* UserInfo.m */; };
		734EECFF1AE0BDA50024DD66 /* userIcon.png in Resources */ = {isa = PBXBuildFile; fileRef = 734EECFE1AE0BDA50024DD66 /* userIcon.png */; };
		734EED631AE101240024DD66 /* DetailModel.m in Sources */ = {isa = PBXBuildFile; fileRef = 734EED621AE101240024DD66 /* DetailModel.m */; };
		7357F5CC1ADB58F200056A6B /* BluetoothViewController.m in Sources */ = {isa = PBXBuildFile; fileRef = 7357F5CB1ADB58F200056A6B /* BluetoothViewController.m */; };
		7357F5D31ADB6EA400056A6B /* account_1.png in Resources */ = {isa = PBXBuildFile; fileRef = 7357F5CD1ADB6EA400056A6B /* account_1.png */; };
		7357F5D41ADB6EA400056A6B /* account_2.png in Resources */ = {isa = PBXBuildFile; fileRef = 7357F5CE1ADB6EA400056A6B /* account_2.png */; };
		7357F5D51ADB6EA400056A6B /* account_3.png in Resources */ = {isa = PBXBuildFile; fileRef = 7357F5CF1ADB6EA400056A6B /* account_3.png */; };
		7357F5D61ADB6EA400056A6B /* account_4.png in Resources */ = {isa = PBXBuildFile; fileRef = 7357F5D01ADB6EA400056A6B /* account_4.png */; };
		7357F5D71ADB6EA400056A6B /* account_5.png in Resources */ = {isa = PBXBuildFile; fileRef = 7357F5D11ADB6EA400056A6B /* account_5.png */; };
		7357F5D81ADB6EA400056A6B /* account_6.png in Resources */ = {isa = PBXBuildFile; fileRef = 7357F5D21ADB6EA400056A6B /* account_6.png */; };
		7357F5DB1ADB71C900056A6B /* ProcessedViewCell.m in Sources */ = {isa = PBXBuildFile; fileRef = 7357F5DA1ADB71C900056A6B /* ProcessedViewCell.m */; };
		7357F5DE1ADB85BD00056A6B /* NumberView.m in Sources */ = {isa = PBXBuildFile; fileRef = 7357F5DD1ADB85BD00056A6B /* NumberView.m */; };
		7357F5E11ADB85EE00056A6B /* AddressView.m in Sources */ = {isa = PBXBuildFile; fileRef = 7357F5E01ADB85EE00056A6B /* AddressView.m */; };
		7357F62F1ADB9DDB00056A6B /* proceState.png in Resources */ = {isa = PBXBuildFile; fileRef = 7357F62E1ADB9DDB00056A6B /* proceState.png */; };
		7357F6321ADBAAD400056A6B /* PriceView.m in Sources */ = {isa = PBXBuildFile; fileRef = 7357F6311ADBAAD400056A6B /* PriceView.m */; };
		7357F6351ADBB34600056A6B /* TotalPriceView.m in Sources */ = {isa = PBXBuildFile; fileRef = 7357F6341ADBB34600056A6B /* TotalPriceView.m */; };
		735CA96B1AEA05F4008CB15F /* tabbar_n_0.png in Resources */ = {isa = PBXBuildFile; fileRef = 735CA9631AEA05F4008CB15F /* tabbar_n_0.png */; };
		735CA96C1AEA05F4008CB15F /* tabbar_n_1.png in Resources */ = {isa = PBXBuildFile; fileRef = 735CA9641AEA05F4008CB15F /* tabbar_n_1.png */; };
		735CA96D1AEA05F4008CB15F /* tabbar_n_2.png in Resources */ = {isa = PBXBuildFile; fileRef = 735CA9651AEA05F4008CB15F /* tabbar_n_2.png */; };
		735CA96E1AEA05F4008CB15F /* tabbar_n_3.png in Resources */ = {isa = PBXBuildFile; fileRef = 735CA9661AEA05F4008CB15F /* tabbar_n_3.png */; };
		735CA96F1AEA05F4008CB15F /* tabbar_s_0.png in Resources */ = {isa = PBXBuildFile; fileRef = 735CA9671AEA05F4008CB15F /* tabbar_s_0.png */; };
		735CA9701AEA05F4008CB15F /* tabbar_s_1.png in Resources */ = {isa = PBXBuildFile; fileRef = 735CA9681AEA05F4008CB15F /* tabbar_s_1.png */; };
		735CA9711AEA05F4008CB15F /* tabbar_s_2.png in Resources */ = {isa = PBXBuildFile; fileRef = 735CA9691AEA05F4008CB15F /* tabbar_s_2.png */; };
		735CA9721AEA05F4008CB15F /* tabbar_s_3.png in Resources */ = {isa = PBXBuildFile; fileRef = 735CA96A1AEA05F4008CB15F /* tabbar_s_3.png */; };
		735EC2C81ADF454E0085EF16 /* PrintTestViewController.m in Sources */ = {isa = PBXBuildFile; fileRef = 735EC2C71ADF454E0085EF16 /* PrintTestViewController.m */; };
		735EC2CB1ADF49E80085EF16 /* PeripheralViewCell.m in Sources */ = {isa = PBXBuildFile; fileRef = 735EC2CA1ADF49E80085EF16 /* PeripheralViewCell.m */; };
		735EC2CE1ADF4A2A0085EF16 /* PrintNumViewCell.m in Sources */ = {isa = PBXBuildFile; fileRef = 735EC2CD1ADF4A2A0085EF16 /* PrintNumViewCell.m */; };
		735EC2D01ADF4C780085EF16 /* bluetooth@2x.png in Resources */ = {isa = PBXBuildFile; fileRef = 735EC2CF1ADF4C780085EF16 /* bluetooth@2x.png */; };
		735EC2DC1ADF66250085EF16 /* CustomIOSAlertView.m in Sources */ = {isa = PBXBuildFile; fileRef = 735EC2DB1ADF66250085EF16 /* CustomIOSAlertView.m */; };
		735EC2DE1ADF7CFA0085EF16 /* account_0.png in Resources */ = {isa = PBXBuildFile; fileRef = 735EC2DD1ADF7CFA0085EF16 /* account_0.png */; };
		735EC2E31ADF7D300085EF16 /* add_normal.png in Resources */ = {isa = PBXBuildFile; fileRef = 735EC2DF1ADF7D300085EF16 /* add_normal.png */; };
		735EC2E41ADF7D300085EF16 /* add_press.png in Resources */ = {isa = PBXBuildFile; fileRef = 735EC2E01ADF7D300085EF16 /* add_press.png */; };
		735EC2E51ADF7D300085EF16 /* reduce_normal.png in Resources */ = {isa = PBXBuildFile; fileRef = 735EC2E11ADF7D300085EF16 /* reduce_normal.png */; };
		735EC2E61ADF7D300085EF16 /* reduce_press.png in Resources */ = {isa = PBXBuildFile; fileRef = 735EC2E21ADF7D300085EF16 /* reduce_press.png */; };
		735EC2E91ADF7D840085EF16 /* BusinessViewCell.m in Sources */ = {isa = PBXBuildFile; fileRef = 735EC2E81ADF7D840085EF16 /* BusinessViewCell.m */; };
		73684B0F1AE1FE96007A9BB1 /* MJRefresh.bundle in Resources */ = {isa = PBXBuildFile; fileRef = 73684AFF1AE1FE96007A9BB1 /* MJRefresh.bundle */; };
		73684B101AE1FE96007A9BB1 /* MJRefreshBaseView.m in Sources */ = {isa = PBXBuildFile; fileRef = 73684B021AE1FE96007A9BB1 /* MJRefreshBaseView.m */; };
		73684B111AE1FE96007A9BB1 /* MJRefreshConst.m in Sources */ = {isa = PBXBuildFile; fileRef = 73684B041AE1FE96007A9BB1 /* MJRefreshConst.m */; };
		73684B121AE1FE96007A9BB1 /* MJRefreshFooterView.m in Sources */ = {isa = PBXBuildFile; fileRef = 73684B061AE1FE96007A9BB1 /* MJRefreshFooterView.m */; };
		73684B131AE1FE96007A9BB1 /* MJRefreshHeaderView.m in Sources */ = {isa = PBXBuildFile; fileRef = 73684B081AE1FE96007A9BB1 /* MJRefreshHeaderView.m */; };
		73684B141AE1FE96007A9BB1 /* UIScrollView+MJExtension.m in Sources */ = {isa = PBXBuildFile; fileRef = 73684B0A1AE1FE96007A9BB1 /* UIScrollView+MJExtension.m */; };
		73684B151AE1FE96007A9BB1 /* UIScrollView+MJRefresh.m in Sources */ = {isa = PBXBuildFile; fileRef = 73684B0C1AE1FE96007A9BB1 /* UIScrollView+MJRefresh.m */; };
		73684B161AE1FE96007A9BB1 /* UIView+MJExtension.m in Sources */ = {isa = PBXBuildFile; fileRef = 73684B0E1AE1FE96007A9BB1 /* UIView+MJExtension.m */; };
		73693EF31AE4E43900F707B0 /* GeneralBlueTooth.m in Sources */ = {isa = PBXBuildFile; fileRef = 73693EF21AE4E43900F707B0 /* GeneralBlueTooth.m */; };
		73693EF61AE4E5FA00F707B0 /* libUartLib.a in Frameworks */ = {isa = PBXBuildFile; fileRef = 73693EF51AE4E5FA00F707B0 /* libUartLib.a */; };
		736A83B41AD8B2E40022EE04 /* BulletinViewController.m in Sources */ = {isa = PBXBuildFile; fileRef = 736A83B31AD8B2E40022EE04 /* BulletinViewController.m */; };
		736A83BC1AD8B36E0022EE04 /* BulletinView.m in Sources */ = {isa = PBXBuildFile; fileRef = 736A83B91AD8B36E0022EE04 /* BulletinView.m */; };
		736A83BD1AD8B36E0022EE04 /* RevenueViewCell.m in Sources */ = {isa = PBXBuildFile; fileRef = 736A83BB1AD8B36E0022EE04 /* RevenueViewCell.m */; };
		736A83C61AD8CC5D0022EE04 /* Icon.png in Resources */ = {isa = PBXBuildFile; fileRef = 736A83C41AD8CC5D0022EE04 /* Icon.png */; };
		736A83C71AD8CC5D0022EE04 /* Icon@2x.png in Resources */ = {isa = PBXBuildFile; fileRef = 736A83C51AD8CC5D0022EE04 /* Icon@2x.png */; };
		736A83CA1AD8EE700022EE04 /* NewOrdersiewCell.m in Sources */ = {isa = PBXBuildFile; fileRef = 736A83C91AD8EE700022EE04 /* NewOrdersiewCell.m */; };
		736A83CD1AD8EE8D0022EE04 /* OrderView.m in Sources */ = {isa = PBXBuildFile; fileRef = 736A83CC1AD8EE8D0022EE04 /* OrderView.m */; };
		736A83D01AD8FF9C0022EE04 /* MenuView.m in Sources */ = {isa = PBXBuildFile; fileRef = 736A83CF1AD8FF9C0022EE04 /* MenuView.m */; };
		736A83D31AD90E120022EE04 /* OtherPaceView.m in Sources */ = {isa = PBXBuildFile; fileRef = 736A83D21AD90E120022EE04 /* OtherPaceView.m */; };
		736A83D61AD919150022EE04 /* TotalViw.m in Sources */ = {isa = PBXBuildFile; fileRef = 736A83D51AD919150022EE04 /* TotalViw.m */; };
		736A83D81AD91D420022EE04 /* state@2x.png in Resources */ = {isa = PBXBuildFile; fileRef = 736A83D71AD91D420022EE04 /* state@2x.png */; };
		737153761AD76EC50077C373 /* DetailsMenuViewController.m in Sources */ = {isa = PBXBuildFile; fileRef = 737153751AD76EC50077C373 /* DetailsMenuViewController.m */; };
		7371537C1AD771D40077C373 /* DetailsViewCell.m in Sources */ = {isa = PBXBuildFile; fileRef = 7371537B1AD771D40077C373 /* DetailsViewCell.m */; };
		7371537F1AD779320077C373 /* DetailEditViewCell.m in Sources */ = {isa = PBXBuildFile; fileRef = 7371537E1AD779320077C373 /* DetailEditViewCell.m */; };
		737153831AD77D700077C373 /* clear@2x.png in Resources */ = {isa = PBXBuildFile; fileRef = 737153801AD77D700077C373 /* clear@2x.png */; };
		737153841AD77D700077C373 /* delete@2x.png in Resources */ = {isa = PBXBuildFile; fileRef = 737153811AD77D700077C373 /* delete@2x.png */; };
		737153851AD77D700077C373 /* edit@2x.png in Resources */ = {isa = PBXBuildFile; fileRef = 737153821AD77D700077C373 /* edit@2x.png */; };
		737153C01AD7D07B0077C373 /* RevenueViewController.m in Sources */ = {isa = PBXBuildFile; fileRef = 737153BF1AD7D07B0077C373 /* RevenueViewController.m */; };
		7382AEFB1AD4D5F0005054D9 /* main.m in Sources */ = {isa = PBXBuildFile; fileRef = 7382AEFA1AD4D5F0005054D9 /* main.m */; };
		7382AEFE1AD4D5F0005054D9 /* AppDelegate.m in Sources */ = {isa = PBXBuildFile; fileRef = 7382AEFD1AD4D5F0005054D9 /* AppDelegate.m */; };
		7382AF001AD4D5F0005054D9 /* Images.xcassets in Resources */ = {isa = PBXBuildFile; fileRef = 7382AEFF1AD4D5F0005054D9 /* Images.xcassets */; };
		7382AF031AD4D5F0005054D9 /* LaunchScreen.xib in Resources */ = {isa = PBXBuildFile; fileRef = 7382AF011AD4D5F0005054D9 /* LaunchScreen.xib */; };
		7382AF0F1AD4D5F0005054D9 /* TinyOrderTests.m in Sources */ = {isa = PBXBuildFile; fileRef = 7382AF0E1AD4D5F0005054D9 /* TinyOrderTests.m */; };
		7382AF1A1AD4D636005054D9 /* MyTabBarController.m in Sources */ = {isa = PBXBuildFile; fileRef = 7382AF191AD4D636005054D9 /* MyTabBarController.m */; };
		7382AF361AD4DCEC005054D9 /* AccountViewController.m in Sources */ = {isa = PBXBuildFile; fileRef = 7382AF351AD4DCEC005054D9 /* AccountViewController.m */; };
		7382AF391AD4DD4D005054D9 /* NewOrdersViewController.m in Sources */ = {isa = PBXBuildFile; fileRef = 7382AF381AD4DD4D005054D9 /* NewOrdersViewController.m */; };
		7382AF441AD4DE76005054D9 /* MenuViewController.m in Sources */ = {isa = PBXBuildFile; fileRef = 7382AF431AD4DE76005054D9 /* MenuViewController.m */; };
		7382AF471AD4E068005054D9 /* ProcessedViewController.m in Sources */ = {isa = PBXBuildFile; fileRef = 7382AF461AD4E068005054D9 /* ProcessedViewController.m */; };
		73BAC85B1AEDF8F900D31A04 /* Meal.m in Sources */ = {isa = PBXBuildFile; fileRef = 73BAC85A1AEDF8F900D31A04 /* Meal.m */; };
		73BAC85E1AEE077200D31A04 /* MealPriceView.m in Sources */ = {isa = PBXBuildFile; fileRef = 73BAC85D1AEE077200D31A04 /* MealPriceView.m */; };
		73BC6E0A1ADE3C6500E8928B /* HTTPPost.m in Sources */ = {isa = PBXBuildFile; fileRef = 73BC6E091ADE3C6500E8928B /* HTTPPost.m */; };
/* End PBXBuildFile section */

/* Begin PBXContainerItemProxy section */
		7382AF091AD4D5F0005054D9 /* PBXContainerItemProxy */ = {
			isa = PBXContainerItemProxy;
			containerPortal = 7382AEED1AD4D5F0005054D9 /* Project object */;
			proxyType = 1;
			remoteGlobalIDString = 7382AEF41AD4D5F0005054D9;
			remoteInfo = TinyOrder;
		};
/* End PBXContainerItemProxy section */

/* Begin PBXFileReference section */
		46DA2D3435A7D8ED0DF31559 /* Pods.release.xcconfig */ = {isa = PBXFileReference; includeInIndex = 1; lastKnownFileType = text.xcconfig; name = Pods.release.xcconfig; path = "Pods/Target Support Files/Pods/Pods.release.xcconfig"; sourceTree = "<group>"; };
		66424C3978E90A581447440D /* libPods.a */ = {isa = PBXFileReference; explicitFileType = archive.ar; includeInIndex = 0; path = libPods.a; sourceTree = BUILT_PRODUCTS_DIR; };
		73211CDF1ADCC62D00788E40 /* LoginViewController.h */ = {isa = PBXFileReference; fileEncoding = 4; lastKnownFileType = sourcecode.c.h; path = LoginViewController.h; sourceTree = "<group>"; };
		73211CE01ADCC62D00788E40 /* LoginViewController.m */ = {isa = PBXFileReference; fileEncoding = 4; lastKnownFileType = sourcecode.c.objc; path = LoginViewController.m; sourceTree = "<group>"; };
		73211CE11ADCC62D00788E40 /* LoginViewController.xib */ = {isa = PBXFileReference; fileEncoding = 4; lastKnownFileType = file.xib; path = LoginViewController.xib; sourceTree = "<group>"; };
		73211CE41ADCC71600788E40 /* logo.png */ = {isa = PBXFileReference; lastKnownFileType = image.png; path = logo.png; sourceTree = "<group>"; };
		73211CE61ADCC81500788E40 /* loginName.png */ = {isa = PBXFileReference; lastKnownFileType = image.png; path = loginName.png; sourceTree = "<group>"; };
		73211CE81ADCD20000788E40 /* loginPass.png */ = {isa = PBXFileReference; lastKnownFileType = image.png; path = loginPass.png; sourceTree = "<group>"; };
		73211D0D1ADD05B300788E40 /* NSString+NSString_MD5.h */ = {isa = PBXFileReference; fileEncoding = 4; lastKnownFileType = sourcecode.c.h; path = "NSString+NSString_MD5.h"; sourceTree = "<group>"; };
		73211D0E1ADD05B300788E40 /* NSString+NSString_MD5.m */ = {isa = PBXFileReference; fileEncoding = 4; lastKnownFileType = sourcecode.c.objc; path = "NSString+NSString_MD5.m"; sourceTree = "<group>"; };
		73211D131ADD0D8B00788E40 /* JSONKit.h */ = {isa = PBXFileReference; fileEncoding = 4; lastKnownFileType = sourcecode.c.h; path = JSONKit.h; sourceTree = "<group>"; };
		73211D141ADD0D8B00788E40 /* JSONKit.m */ = {isa = PBXFileReference; fileEncoding = 4; lastKnownFileType = sourcecode.c.objc; path = JSONKit.m; sourceTree = "<group>"; };
		732211791AD62B6E00026841 /* AccountViewCell.h */ = {isa = PBXFileReference; fileEncoding = 4; lastKnownFileType = sourcecode.c.h; path = AccountViewCell.h; sourceTree = "<group>"; };
		7322117A1AD62B6E00026841 /* AccountViewCell.m */ = {isa = PBXFileReference; fileEncoding = 4; lastKnownFileType = sourcecode.c.objc; path = AccountViewCell.m; sourceTree = "<group>"; };
		7322117C1AD641FC00026841 /* AccountModel.h */ = {isa = PBXFileReference; fileEncoding = 4; lastKnownFileType = sourcecode.c.h; path = AccountModel.h; sourceTree = "<group>"; };
		7322117D1AD641FC00026841 /* AccountModel.m */ = {isa = PBXFileReference; fileEncoding = 4; lastKnownFileType = sourcecode.c.objc; path = AccountModel.m; sourceTree = "<group>"; };
		732211821AD64A7100026841 /* HeaderView.h */ = {isa = PBXFileReference; fileEncoding = 4; lastKnownFileType = sourcecode.c.h; path = HeaderView.h; sourceTree = "<group>"; };
		732211831AD64A7100026841 /* HeaderView.m */ = {isa = PBXFileReference; fileEncoding = 4; lastKnownFileType = sourcecode.c.objc; path = HeaderView.m; sourceTree = "<group>"; };
		7322118D1AD6602E00026841 /* AddMenuView.h */ = {isa = PBXFileReference; fileEncoding = 4; lastKnownFileType = sourcecode.c.h; path = AddMenuView.h; sourceTree = "<group>"; };
		7322118E1AD6602E00026841 /* AddMenuView.m */ = {isa = PBXFileReference; fileEncoding = 4; lastKnownFileType = sourcecode.c.objc; path = AddMenuView.m; sourceTree = "<group>"; };
		732211911AD6645000026841 /* iphone5s-5@2_03.png */ = {isa = PBXFileReference; lastKnownFileType = image.png; path = "iphone5s-5@2_03.png"; sourceTree = "<group>"; };
		732211931AD6658A00026841 /* PHOTO.png */ = {isa = PBXFileReference; lastKnownFileType = image.png; path = PHOTO.png; sourceTree = "<group>"; };
		732F73B21AD4F7C0006E4DC9 /* MenuViewCell.h */ = {isa = PBXFileReference; fileEncoding = 4; lastKnownFileType = sourcecode.c.h; path = MenuViewCell.h; sourceTree = "<group>"; };
		732F73B31AD4F7C0006E4DC9 /* MenuViewCell.m */ = {isa = PBXFileReference; fileEncoding = 4; lastKnownFileType = sourcecode.c.objc; path = MenuViewCell.m; sourceTree = "<group>"; };
		732F73B61AD4FA5F006E4DC9 /* UIViewAdditions.h */ = {isa = PBXFileReference; fileEncoding = 4; lastKnownFileType = sourcecode.c.h; path = UIViewAdditions.h; sourceTree = "<group>"; };
		732F73B71AD4FA5F006E4DC9 /* UIViewAdditions.m */ = {isa = PBXFileReference; fileEncoding = 4; lastKnownFileType = sourcecode.c.objc; path = UIViewAdditions.m; sourceTree = "<group>"; };
		732F73B91AD503E5006E4DC9 /* MenuModel.h */ = {isa = PBXFileReference; fileEncoding = 4; lastKnownFileType = sourcecode.c.h; path = MenuModel.h; sourceTree = "<group>"; };
		732F73BA1AD503E5006E4DC9 /* MenuModel.m */ = {isa = PBXFileReference; fileEncoding = 4; lastKnownFileType = sourcecode.c.objc; path = MenuModel.m; sourceTree = "<group>"; };
		732F73BC1AD50F7B006E4DC9 /* AddMenuCell.h */ = {isa = PBXFileReference; fileEncoding = 4; lastKnownFileType = sourcecode.c.h; path = AddMenuCell.h; sourceTree = "<group>"; };
		732F73BD1AD50F7B006E4DC9 /* AddMenuCell.m */ = {isa = PBXFileReference; fileEncoding = 4; lastKnownFileType = sourcecode.c.objc; path = AddMenuCell.m; sourceTree = "<group>"; };
		732F73BF1AD514B9006E4DC9 /* AddMenuViewController.h */ = {isa = PBXFileReference; fileEncoding = 4; lastKnownFileType = sourcecode.c.h; path = AddMenuViewController.h; sourceTree = "<group>"; };
		732F73C01AD514B9006E4DC9 /* AddMenuViewController.m */ = {isa = PBXFileReference; fileEncoding = 4; lastKnownFileType = sourcecode.c.objc; path = AddMenuViewController.m; sourceTree = "<group>"; };
		732F73C21AD51BE6006E4DC9 /* EditMenuViewController.h */ = {isa = PBXFileReference; fileEncoding = 4; lastKnownFileType = sourcecode.c.h; path = EditMenuViewController.h; sourceTree = "<group>"; };
		732F73C31AD51BE6006E4DC9 /* EditMenuViewController.m */ = {isa = PBXFileReference; fileEncoding = 4; lastKnownFileType = sourcecode.c.objc; path = EditMenuViewController.m; sourceTree = "<group>"; };
		732F73C51AD51DFD006E4DC9 /* EditViewCell.h */ = {isa = PBXFileReference; fileEncoding = 4; lastKnownFileType = sourcecode.c.h; path = EditViewCell.h; sourceTree = "<group>"; };
		732F73C61AD51DFD006E4DC9 /* EditViewCell.m */ = {isa = PBXFileReference; fileEncoding = 4; lastKnownFileType = sourcecode.c.objc; path = EditViewCell.m; sourceTree = "<group>"; };
		7336EFB41AE5FBA500D03B03 /* dealprint.png */ = {isa = PBXFileReference; lastKnownFileType = image.png; path = dealprint.png; sourceTree = "<group>"; };
		7336EFB51AE5FBA500D03B03 /* nulliy.png */ = {isa = PBXFileReference; lastKnownFileType = image.png; path = nulliy.png; sourceTree = "<group>"; };
		7336EFB81AE600F000D03B03 /* delivery_s.png */ = {isa = PBXFileReference; lastKnownFileType = image.png; path = delivery_s.png; sourceTree = "<group>"; };
		7336EFBA1AE616C900D03B03 /* didDelivery_s.png */ = {isa = PBXFileReference; lastKnownFileType = image.png; path = didDelivery_s.png; sourceTree = "<group>"; };
		7336EFBC1AE61A0700D03B03 /* delivery_n.png */ = {isa = PBXFileReference; lastKnownFileType = image.png; path = delivery_n.png; sourceTree = "<group>"; };
		7336EFBD1AE61A0700D03B03 /* didDelivery_n.png */ = {isa = PBXFileReference; lastKnownFileType = image.png; path = didDelivery_n.png; sourceTree = "<group>"; };
		7336EFC01AE63E1B00D03B03 /* dealDelivery_e.png */ = {isa = PBXFileReference; lastKnownFileType = image.png; path = dealDelivery_e.png; sourceTree = "<group>"; };
		7336EFC11AE63E1B00D03B03 /* dealDelivery_n.png */ = {isa = PBXFileReference; lastKnownFileType = image.png; path = dealDelivery_n.png; sourceTree = "<group>"; };
		7336EFC41AE6405A00D03B03 /* processedBack.png */ = {isa = PBXFileReference; lastKnownFileType = image.png; path = processedBack.png; sourceTree = "<group>"; };
		733794181AE738850077B188 /* NewOrderModel.h */ = {isa = PBXFileReference; fileEncoding = 4; lastKnownFileType = sourcecode.c.h; path = NewOrderModel.h; sourceTree = "<group>"; };
		733794191AE738850077B188 /* NewOrderModel.m */ = {isa = PBXFileReference; fileEncoding = 4; lastKnownFileType = sourcecode.c.objc; path = NewOrderModel.m; sourceTree = "<group>"; };
		7337941B1AE73B760077B188 /* flod.png */ = {isa = PBXFileReference; lastKnownFileType = image.png; path = flod.png; sourceTree = "<group>"; };
		7337941C1AE73B760077B188 /* unfold.png */ = {isa = PBXFileReference; lastKnownFileType = image.png; path = unfold.png; sourceTree = "<group>"; };
		7337941F1AE752CA0077B188 /* DealOrderModel.h */ = {isa = PBXFileReference; fileEncoding = 4; lastKnownFileType = sourcecode.c.h; path = DealOrderModel.h; sourceTree = "<group>"; };
		733794201AE752CA0077B188 /* DealOrderModel.m */ = {isa = PBXFileReference; fileEncoding = 4; lastKnownFileType = sourcecode.c.objc; path = DealOrderModel.m; sourceTree = "<group>"; };
		733794241AE77A1F0077B188 /* libz.dylib */ = {isa = PBXFileReference; lastKnownFileType = "compiled.mach-o.dylib"; name = libz.dylib; path = usr/lib/libz.dylib; sourceTree = SDKROOT; };
		733794261AE77A2B0077B188 /* Security.framework */ = {isa = PBXFileReference; lastKnownFileType = wrapper.framework; name = Security.framework; path = System/Library/Frameworks/Security.framework; sourceTree = SDKROOT; };
		733794281AE77A3A0077B188 /* SystemConfiguration.framework */ = {isa = PBXFileReference; lastKnownFileType = wrapper.framework; name = SystemConfiguration.framework; path = System/Library/Frameworks/SystemConfiguration.framework; sourceTree = SDKROOT; };
		7337942A1AE77A460077B188 /* CoreTelephony.framework */ = {isa = PBXFileReference; lastKnownFileType = wrapper.framework; name = CoreTelephony.framework; path = System/Library/Frameworks/CoreTelephony.framework; sourceTree = SDKROOT; };
		7337942C1AE77A500077B188 /* CoreFoundation.framework */ = {isa = PBXFileReference; lastKnownFileType = wrapper.framework; name = CoreFoundation.framework; path = System/Library/Frameworks/CoreFoundation.framework; sourceTree = SDKROOT; };
		7337942E1AE77A670077B188 /* CFNetwork.framework */ = {isa = PBXFileReference; lastKnownFileType = wrapper.framework; name = CFNetwork.framework; path = System/Library/Frameworks/CFNetwork.framework; sourceTree = SDKROOT; };
		733794301AE77A710077B188 /* UIKit.framework */ = {isa = PBXFileReference; lastKnownFileType = wrapper.framework; name = UIKit.framework; path = System/Library/Frameworks/UIKit.framework; sourceTree = SDKROOT; };
		733794321AE77A840077B188 /* Foundation.framework */ = {isa = PBXFileReference; lastKnownFileType = wrapper.framework; name = Foundation.framework; path = System/Library/Frameworks/Foundation.framework; sourceTree = SDKROOT; };
		733794341AE77A930077B188 /* CoreGraphics.framework */ = {isa = PBXFileReference; lastKnownFileType = wrapper.framework; name = CoreGraphics.framework; path = System/Library/Frameworks/CoreGraphics.framework; sourceTree = SDKROOT; };
		733794381AE77F0B0077B188 /* PushConfig.plist */ = {isa = PBXFileReference; fileEncoding = 4; lastKnownFileType = text.plist.xml; path = PushConfig.plist; sourceTree = "<group>"; };
		7337943A1AE782D50077B188 /* lib */ = {isa = PBXFileReference; lastKnownFileType = folder; path = lib; sourceTree = "<group>"; };
		7337943C1AE78B200077B188 /* libPushSDK-1.8.3.a */ = {isa = PBXFileReference; lastKnownFileType = archive.ar; name = "libPushSDK-1.8.3.a"; path = "TinyOrder/Vendors/lib/libPushSDK-1.8.3.a"; sourceTree = "<group>"; };
		733D81F11AEF25D50079CE8D /* RevewnueModel.h */ = {isa = PBXFileReference; fileEncoding = 4; lastKnownFileType = sourcecode.c.h; path = RevewnueModel.h; sourceTree = "<group>"; };
		733D81F21AEF25D50079CE8D /* RevewnueModel.m */ = {isa = PBXFileReference; fileEncoding = 4; lastKnownFileType = sourcecode.c.objc; path = RevewnueModel.m; sourceTree = "<group>"; };
		7349EA271AE89EA5003F37B3 /* nky.mp3 */ = {isa = PBXFileReference; lastKnownFileType = audio.mp3; path = nky.mp3; sourceTree = "<group>"; };
		734EECFA1AE09B530024DD66 /* UserInfo.h */ = {isa = PBXFileReference; fileEncoding = 4; lastKnownFileType = sourcecode.c.h; path = UserInfo.h; sourceTree = "<group>"; };
		734EECFB1AE09B530024DD66 /* UserInfo.m */ = {isa = PBXFileReference; fileEncoding = 4; lastKnownFileType = sourcecode.c.objc; path = UserInfo.m; sourceTree = "<group>"; };
		734EECFD1AE09D530024DD66 /* AllHeader.pch */ = {isa = PBXFileReference; lastKnownFileType = sourcecode.c.h; path = AllHeader.pch; sourceTree = "<group>"; };
		734EECFE1AE0BDA50024DD66 /* userIcon.png */ = {isa = PBXFileReference; lastKnownFileType = image.png; path = userIcon.png; sourceTree = "<group>"; };
		734EED611AE101240024DD66 /* DetailModel.h */ = {isa = PBXFileReference; fileEncoding = 4; lastKnownFileType = sourcecode.c.h; path = DetailModel.h; sourceTree = "<group>"; };
		734EED621AE101240024DD66 /* DetailModel.m */ = {isa = PBXFileReference; fileEncoding = 4; lastKnownFileType = sourcecode.c.objc; path = DetailModel.m; sourceTree = "<group>"; };
		7357F5CA1ADB58F200056A6B /* BluetoothViewController.h */ = {isa = PBXFileReference; fileEncoding = 4; lastKnownFileType = sourcecode.c.h; path = BluetoothViewController.h; sourceTree = "<group>"; };
		7357F5CB1ADB58F200056A6B /* BluetoothViewController.m */ = {isa = PBXFileReference; fileEncoding = 4; lastKnownFileType = sourcecode.c.objc; path = BluetoothViewController.m; sourceTree = "<group>"; };
		7357F5CD1ADB6EA400056A6B /* account_1.png */ = {isa = PBXFileReference; lastKnownFileType = image.png; path = account_1.png; sourceTree = "<group>"; };
		7357F5CE1ADB6EA400056A6B /* account_2.png */ = {isa = PBXFileReference; lastKnownFileType = image.png; path = account_2.png; sourceTree = "<group>"; };
		7357F5CF1ADB6EA400056A6B /* account_3.png */ = {isa = PBXFileReference; lastKnownFileType = image.png; path = account_3.png; sourceTree = "<group>"; };
		7357F5D01ADB6EA400056A6B /* account_4.png */ = {isa = PBXFileReference; lastKnownFileType = image.png; path = account_4.png; sourceTree = "<group>"; };
		7357F5D11ADB6EA400056A6B /* account_5.png */ = {isa = PBXFileReference; lastKnownFileType = image.png; path = account_5.png; sourceTree = "<group>"; };
		7357F5D21ADB6EA400056A6B /* account_6.png */ = {isa = PBXFileReference; lastKnownFileType = image.png; path = account_6.png; sourceTree = "<group>"; };
		7357F5D91ADB71C900056A6B /* ProcessedViewCell.h */ = {isa = PBXFileReference; fileEncoding = 4; lastKnownFileType = sourcecode.c.h; path = ProcessedViewCell.h; sourceTree = "<group>"; };
		7357F5DA1ADB71C900056A6B /* ProcessedViewCell.m */ = {isa = PBXFileReference; fileEncoding = 4; lastKnownFileType = sourcecode.c.objc; path = ProcessedViewCell.m; sourceTree = "<group>"; };
		7357F5DC1ADB85BD00056A6B /* NumberView.h */ = {isa = PBXFileReference; fileEncoding = 4; lastKnownFileType = sourcecode.c.h; path = NumberView.h; sourceTree = "<group>"; };
		7357F5DD1ADB85BD00056A6B /* NumberView.m */ = {isa = PBXFileReference; fileEncoding = 4; lastKnownFileType = sourcecode.c.objc; path = NumberView.m; sourceTree = "<group>"; };
		7357F5DF1ADB85EE00056A6B /* AddressView.h */ = {isa = PBXFileReference; fileEncoding = 4; lastKnownFileType = sourcecode.c.h; path = AddressView.h; sourceTree = "<group>"; };
		7357F5E01ADB85EE00056A6B /* AddressView.m */ = {isa = PBXFileReference; fileEncoding = 4; lastKnownFileType = sourcecode.c.objc; path = AddressView.m; sourceTree = "<group>"; };
		7357F62E1ADB9DDB00056A6B /* proceState.png */ = {isa = PBXFileReference; lastKnownFileType = image.png; path = proceState.png; sourceTree = "<group>"; };
		7357F6301ADBAAD400056A6B /* PriceView.h */ = {isa = PBXFileReference; fileEncoding = 4; lastKnownFileType = sourcecode.c.h; path = PriceView.h; sourceTree = "<group>"; };
		7357F6311ADBAAD400056A6B /* PriceView.m */ = {isa = PBXFileReference; fileEncoding = 4; lastKnownFileType = sourcecode.c.objc; path = PriceView.m; sourceTree = "<group>"; };
		7357F6331ADBB34600056A6B /* TotalPriceView.h */ = {isa = PBXFileReference; fileEncoding = 4; lastKnownFileType = sourcecode.c.h; path = TotalPriceView.h; sourceTree = "<group>"; };
		7357F6341ADBB34600056A6B /* TotalPriceView.m */ = {isa = PBXFileReference; fileEncoding = 4; lastKnownFileType = sourcecode.c.objc; path = TotalPriceView.m; sourceTree = "<group>"; };
		735CA9631AEA05F4008CB15F /* tabbar_n_0.png */ = {isa = PBXFileReference; lastKnownFileType = image.png; path = tabbar_n_0.png; sourceTree = "<group>"; };
		735CA9641AEA05F4008CB15F /* tabbar_n_1.png */ = {isa = PBXFileReference; lastKnownFileType = image.png; path = tabbar_n_1.png; sourceTree = "<group>"; };
		735CA9651AEA05F4008CB15F /* tabbar_n_2.png */ = {isa = PBXFileReference; lastKnownFileType = image.png; path = tabbar_n_2.png; sourceTree = "<group>"; };
		735CA9661AEA05F4008CB15F /* tabbar_n_3.png */ = {isa = PBXFileReference; lastKnownFileType = image.png; path = tabbar_n_3.png; sourceTree = "<group>"; };
		735CA9671AEA05F4008CB15F /* tabbar_s_0.png */ = {isa = PBXFileReference; lastKnownFileType = image.png; path = tabbar_s_0.png; sourceTree = "<group>"; };
		735CA9681AEA05F4008CB15F /* tabbar_s_1.png */ = {isa = PBXFileReference; lastKnownFileType = image.png; path = tabbar_s_1.png; sourceTree = "<group>"; };
		735CA9691AEA05F4008CB15F /* tabbar_s_2.png */ = {isa = PBXFileReference; lastKnownFileType = image.png; path = tabbar_s_2.png; sourceTree = "<group>"; };
		735CA96A1AEA05F4008CB15F /* tabbar_s_3.png */ = {isa = PBXFileReference; lastKnownFileType = image.png; path = tabbar_s_3.png; sourceTree = "<group>"; };
		735EC2C61ADF454E0085EF16 /* PrintTestViewController.h */ = {isa = PBXFileReference; fileEncoding = 4; lastKnownFileType = sourcecode.c.h; path = PrintTestViewController.h; sourceTree = "<group>"; };
		735EC2C71ADF454E0085EF16 /* PrintTestViewController.m */ = {isa = PBXFileReference; fileEncoding = 4; lastKnownFileType = sourcecode.c.objc; path = PrintTestViewController.m; sourceTree = "<group>"; };
		735EC2C91ADF49E80085EF16 /* PeripheralViewCell.h */ = {isa = PBXFileReference; fileEncoding = 4; lastKnownFileType = sourcecode.c.h; path = PeripheralViewCell.h; sourceTree = "<group>"; };
		735EC2CA1ADF49E80085EF16 /* PeripheralViewCell.m */ = {isa = PBXFileReference; fileEncoding = 4; lastKnownFileType = sourcecode.c.objc; path = PeripheralViewCell.m; sourceTree = "<group>"; };
		735EC2CC1ADF4A2A0085EF16 /* PrintNumViewCell.h */ = {isa = PBXFileReference; fileEncoding = 4; lastKnownFileType = sourcecode.c.h; path = PrintNumViewCell.h; sourceTree = "<group>"; };
		735EC2CD1ADF4A2A0085EF16 /* PrintNumViewCell.m */ = {isa = PBXFileReference; fileEncoding = 4; lastKnownFileType = sourcecode.c.objc; path = PrintNumViewCell.m; sourceTree = "<group>"; };
		735EC2CF1ADF4C780085EF16 /* bluetooth@2x.png */ = {isa = PBXFileReference; lastKnownFileType = image.png; path = "bluetooth@2x.png"; sourceTree = "<group>"; };
		735EC2DA1ADF66250085EF16 /* CustomIOSAlertView.h */ = {isa = PBXFileReference; fileEncoding = 4; lastKnownFileType = sourcecode.c.h; path = CustomIOSAlertView.h; sourceTree = "<group>"; };
		735EC2DB1ADF66250085EF16 /* CustomIOSAlertView.m */ = {isa = PBXFileReference; fileEncoding = 4; lastKnownFileType = sourcecode.c.objc; path = CustomIOSAlertView.m; sourceTree = "<group>"; };
		735EC2DD1ADF7CFA0085EF16 /* account_0.png */ = {isa = PBXFileReference; lastKnownFileType = image.png; path = account_0.png; sourceTree = "<group>"; };
		735EC2DF1ADF7D300085EF16 /* add_normal.png */ = {isa = PBXFileReference; lastKnownFileType = image.png; path = add_normal.png; sourceTree = "<group>"; };
		735EC2E01ADF7D300085EF16 /* add_press.png */ = {isa = PBXFileReference; lastKnownFileType = image.png; path = add_press.png; sourceTree = "<group>"; };
		735EC2E11ADF7D300085EF16 /* reduce_normal.png */ = {isa = PBXFileReference; lastKnownFileType = image.png; path = reduce_normal.png; sourceTree = "<group>"; };
		735EC2E21ADF7D300085EF16 /* reduce_press.png */ = {isa = PBXFileReference; lastKnownFileType = image.png; path = reduce_press.png; sourceTree = "<group>"; };
		735EC2E71ADF7D840085EF16 /* BusinessViewCell.h */ = {isa = PBXFileReference; fileEncoding = 4; lastKnownFileType = sourcecode.c.h; path = BusinessViewCell.h; sourceTree = "<group>"; };
		735EC2E81ADF7D840085EF16 /* BusinessViewCell.m */ = {isa = PBXFileReference; fileEncoding = 4; lastKnownFileType = sourcecode.c.objc; path = BusinessViewCell.m; sourceTree = "<group>"; };
		73684AFF1AE1FE96007A9BB1 /* MJRefresh.bundle */ = {isa = PBXFileReference; lastKnownFileType = "wrapper.plug-in"; path = MJRefresh.bundle; sourceTree = "<group>"; };
		73684B001AE1FE96007A9BB1 /* MJRefresh.h */ = {isa = PBXFileReference; fileEncoding = 4; lastKnownFileType = sourcecode.c.h; path = MJRefresh.h; sourceTree = "<group>"; };
		73684B011AE1FE96007A9BB1 /* MJRefreshBaseView.h */ = {isa = PBXFileReference; fileEncoding = 4; lastKnownFileType = sourcecode.c.h; path = MJRefreshBaseView.h; sourceTree = "<group>"; };
		73684B021AE1FE96007A9BB1 /* MJRefreshBaseView.m */ = {isa = PBXFileReference; fileEncoding = 4; lastKnownFileType = sourcecode.c.objc; path = MJRefreshBaseView.m; sourceTree = "<group>"; };
		73684B031AE1FE96007A9BB1 /* MJRefreshConst.h */ = {isa = PBXFileReference; fileEncoding = 4; lastKnownFileType = sourcecode.c.h; path = MJRefreshConst.h; sourceTree = "<group>"; };
		73684B041AE1FE96007A9BB1 /* MJRefreshConst.m */ = {isa = PBXFileReference; fileEncoding = 4; lastKnownFileType = sourcecode.c.objc; path = MJRefreshConst.m; sourceTree = "<group>"; };
		73684B051AE1FE96007A9BB1 /* MJRefreshFooterView.h */ = {isa = PBXFileReference; fileEncoding = 4; lastKnownFileType = sourcecode.c.h; path = MJRefreshFooterView.h; sourceTree = "<group>"; };
		73684B061AE1FE96007A9BB1 /* MJRefreshFooterView.m */ = {isa = PBXFileReference; fileEncoding = 4; lastKnownFileType = sourcecode.c.objc; path = MJRefreshFooterView.m; sourceTree = "<group>"; };
		73684B071AE1FE96007A9BB1 /* MJRefreshHeaderView.h */ = {isa = PBXFileReference; fileEncoding = 4; lastKnownFileType = sourcecode.c.h; path = MJRefreshHeaderView.h; sourceTree = "<group>"; };
		73684B081AE1FE96007A9BB1 /* MJRefreshHeaderView.m */ = {isa = PBXFileReference; fileEncoding = 4; lastKnownFileType = sourcecode.c.objc; path = MJRefreshHeaderView.m; sourceTree = "<group>"; };
		73684B091AE1FE96007A9BB1 /* UIScrollView+MJExtension.h */ = {isa = PBXFileReference; fileEncoding = 4; lastKnownFileType = sourcecode.c.h; path = "UIScrollView+MJExtension.h"; sourceTree = "<group>"; };
		73684B0A1AE1FE96007A9BB1 /* UIScrollView+MJExtension.m */ = {isa = PBXFileReference; fileEncoding = 4; lastKnownFileType = sourcecode.c.objc; path = "UIScrollView+MJExtension.m"; sourceTree = "<group>"; };
		73684B0B1AE1FE96007A9BB1 /* UIScrollView+MJRefresh.h */ = {isa = PBXFileReference; fileEncoding = 4; lastKnownFileType = sourcecode.c.h; path = "UIScrollView+MJRefresh.h"; sourceTree = "<group>"; };
		73684B0C1AE1FE96007A9BB1 /* UIScrollView+MJRefresh.m */ = {isa = PBXFileReference; fileEncoding = 4; lastKnownFileType = sourcecode.c.objc; path = "UIScrollView+MJRefresh.m"; sourceTree = "<group>"; };
		73684B0D1AE1FE96007A9BB1 /* UIView+MJExtension.h */ = {isa = PBXFileReference; fileEncoding = 4; lastKnownFileType = sourcecode.c.h; path = "UIView+MJExtension.h"; sourceTree = "<group>"; };
		73684B0E1AE1FE96007A9BB1 /* UIView+MJExtension.m */ = {isa = PBXFileReference; fileEncoding = 4; lastKnownFileType = sourcecode.c.objc; path = "UIView+MJExtension.m"; sourceTree = "<group>"; };
		73693EF11AE4E43900F707B0 /* GeneralBlueTooth.h */ = {isa = PBXFileReference; fileEncoding = 4; lastKnownFileType = sourcecode.c.h; path = GeneralBlueTooth.h; sourceTree = "<group>"; };
		73693EF21AE4E43900F707B0 /* GeneralBlueTooth.m */ = {isa = PBXFileReference; fileEncoding = 4; lastKnownFileType = sourcecode.c.objc; path = GeneralBlueTooth.m; sourceTree = "<group>"; };
		73693EF41AE4E5FA00F707B0 /* UartLib.h */ = {isa = PBXFileReference; fileEncoding = 4; lastKnownFileType = sourcecode.c.h; path = UartLib.h; sourceTree = "<group>"; };
		73693EF51AE4E5FA00F707B0 /* libUartLib.a */ = {isa = PBXFileReference; lastKnownFileType = archive.ar; path = libUartLib.a; sourceTree = "<group>"; };
		736A83B21AD8B2E40022EE04 /* BulletinViewController.h */ = {isa = PBXFileReference; fileEncoding = 4; lastKnownFileType = sourcecode.c.h; path = BulletinViewController.h; sourceTree = "<group>"; };
		736A83B31AD8B2E40022EE04 /* BulletinViewController.m */ = {isa = PBXFileReference; fileEncoding = 4; lastKnownFileType = sourcecode.c.objc; path = BulletinViewController.m; sourceTree = "<group>"; };
		736A83B81AD8B36E0022EE04 /* BulletinView.h */ = {isa = PBXFileReference; fileEncoding = 4; lastKnownFileType = sourcecode.c.h; path = BulletinView.h; sourceTree = "<group>"; };
		736A83B91AD8B36E0022EE04 /* BulletinView.m */ = {isa = PBXFileReference; fileEncoding = 4; lastKnownFileType = sourcecode.c.objc; path = BulletinView.m; sourceTree = "<group>"; };
		736A83BA1AD8B36E0022EE04 /* RevenueViewCell.h */ = {isa = PBXFileReference; fileEncoding = 4; lastKnownFileType = sourcecode.c.h; path = RevenueViewCell.h; sourceTree = "<group>"; };
		736A83BB1AD8B36E0022EE04 /* RevenueViewCell.m */ = {isa = PBXFileReference; fileEncoding = 4; lastKnownFileType = sourcecode.c.objc; path = RevenueViewCell.m; sourceTree = "<group>"; };
		736A83C41AD8CC5D0022EE04 /* Icon.png */ = {isa = PBXFileReference; lastKnownFileType = image.png; path = Icon.png; sourceTree = "<group>"; };
		736A83C51AD8CC5D0022EE04 /* Icon@2x.png */ = {isa = PBXFileReference; lastKnownFileType = image.png; path = "Icon@2x.png"; sourceTree = "<group>"; };
		736A83C81AD8EE700022EE04 /* NewOrdersiewCell.h */ = {isa = PBXFileReference; fileEncoding = 4; lastKnownFileType = sourcecode.c.h; path = NewOrdersiewCell.h; sourceTree = "<group>"; };
		736A83C91AD8EE700022EE04 /* NewOrdersiewCell.m */ = {isa = PBXFileReference; fileEncoding = 4; lastKnownFileType = sourcecode.c.objc; path = NewOrdersiewCell.m; sourceTree = "<group>"; };
		736A83CB1AD8EE8D0022EE04 /* OrderView.h */ = {isa = PBXFileReference; fileEncoding = 4; lastKnownFileType = sourcecode.c.h; path = OrderView.h; sourceTree = "<group>"; };
		736A83CC1AD8EE8D0022EE04 /* OrderView.m */ = {isa = PBXFileReference; fileEncoding = 4; lastKnownFileType = sourcecode.c.objc; path = OrderView.m; sourceTree = "<group>"; };
		736A83CE1AD8FF9C0022EE04 /* MenuView.h */ = {isa = PBXFileReference; fileEncoding = 4; lastKnownFileType = sourcecode.c.h; path = MenuView.h; sourceTree = "<group>"; };
		736A83CF1AD8FF9C0022EE04 /* MenuView.m */ = {isa = PBXFileReference; fileEncoding = 4; lastKnownFileType = sourcecode.c.objc; path = MenuView.m; sourceTree = "<group>"; };
		736A83D11AD90E120022EE04 /* OtherPaceView.h */ = {isa = PBXFileReference; fileEncoding = 4; lastKnownFileType = sourcecode.c.h; path = OtherPaceView.h; sourceTree = "<group>"; };
		736A83D21AD90E120022EE04 /* OtherPaceView.m */ = {isa = PBXFileReference; fileEncoding = 4; lastKnownFileType = sourcecode.c.objc; path = OtherPaceView.m; sourceTree = "<group>"; };
		736A83D41AD919150022EE04 /* TotalViw.h */ = {isa = PBXFileReference; fileEncoding = 4; lastKnownFileType = sourcecode.c.h; path = TotalViw.h; sourceTree = "<group>"; };
		736A83D51AD919150022EE04 /* TotalViw.m */ = {isa = PBXFileReference; fileEncoding = 4; lastKnownFileType = sourcecode.c.objc; path = TotalViw.m; sourceTree = "<group>"; };
		736A83D71AD91D420022EE04 /* state@2x.png */ = {isa = PBXFileReference; lastKnownFileType = image.png; path = "state@2x.png"; sourceTree = "<group>"; };
		737153741AD76EC50077C373 /* DetailsMenuViewController.h */ = {isa = PBXFileReference; fileEncoding = 4; lastKnownFileType = sourcecode.c.h; path = DetailsMenuViewController.h; sourceTree = "<group>"; };
		737153751AD76EC50077C373 /* DetailsMenuViewController.m */ = {isa = PBXFileReference; fileEncoding = 4; lastKnownFileType = sourcecode.c.objc; path = DetailsMenuViewController.m; sourceTree = "<group>"; };
		7371537A1AD771D40077C373 /* DetailsViewCell.h */ = {isa = PBXFileReference; fileEncoding = 4; lastKnownFileType = sourcecode.c.h; path = DetailsViewCell.h; sourceTree = "<group>"; };
		7371537B1AD771D40077C373 /* DetailsViewCell.m */ = {isa = PBXFileReference; fileEncoding = 4; lastKnownFileType = sourcecode.c.objc; path = DetailsViewCell.m; sourceTree = "<group>"; };
		7371537D1AD779320077C373 /* DetailEditViewCell.h */ = {isa = PBXFileReference; fileEncoding = 4; lastKnownFileType = sourcecode.c.h; path = DetailEditViewCell.h; sourceTree = "<group>"; };
		7371537E1AD779320077C373 /* DetailEditViewCell.m */ = {isa = PBXFileReference; fileEncoding = 4; lastKnownFileType = sourcecode.c.objc; path = DetailEditViewCell.m; sourceTree = "<group>"; };
		737153801AD77D700077C373 /* clear@2x.png */ = {isa = PBXFileReference; lastKnownFileType = image.png; path = "clear@2x.png"; sourceTree = "<group>"; };
		737153811AD77D700077C373 /* delete@2x.png */ = {isa = PBXFileReference; lastKnownFileType = image.png; path = "delete@2x.png"; sourceTree = "<group>"; };
		737153821AD77D700077C373 /* edit@2x.png */ = {isa = PBXFileReference; lastKnownFileType = image.png; path = "edit@2x.png"; sourceTree = "<group>"; };
		737153BE1AD7D07B0077C373 /* RevenueViewController.h */ = {isa = PBXFileReference; fileEncoding = 4; lastKnownFileType = sourcecode.c.h; path = RevenueViewController.h; sourceTree = "<group>"; };
		737153BF1AD7D07B0077C373 /* RevenueViewController.m */ = {isa = PBXFileReference; fileEncoding = 4; lastKnownFileType = sourcecode.c.objc; path = RevenueViewController.m; sourceTree = "<group>"; };
		7382AEF51AD4D5F0005054D9 /* TinyOrder.app */ = {isa = PBXFileReference; explicitFileType = wrapper.application; includeInIndex = 0; path = TinyOrder.app; sourceTree = BUILT_PRODUCTS_DIR; };
		7382AEF91AD4D5F0005054D9 /* Info.plist */ = {isa = PBXFileReference; lastKnownFileType = text.plist.xml; path = Info.plist; sourceTree = "<group>"; };
		7382AEFA1AD4D5F0005054D9 /* main.m */ = {isa = PBXFileReference; lastKnownFileType = sourcecode.c.objc; path = main.m; sourceTree = "<group>"; };
		7382AEFC1AD4D5F0005054D9 /* AppDelegate.h */ = {isa = PBXFileReference; lastKnownFileType = sourcecode.c.h; path = AppDelegate.h; sourceTree = "<group>"; };
		7382AEFD1AD4D5F0005054D9 /* AppDelegate.m */ = {isa = PBXFileReference; lastKnownFileType = sourcecode.c.objc; path = AppDelegate.m; sourceTree = "<group>"; };
		7382AEFF1AD4D5F0005054D9 /* Images.xcassets */ = {isa = PBXFileReference; lastKnownFileType = folder.assetcatalog; path = Images.xcassets; sourceTree = "<group>"; };
		7382AF021AD4D5F0005054D9 /* Base */ = {isa = PBXFileReference; lastKnownFileType = file.xib; name = Base; path = Base.lproj/LaunchScreen.xib; sourceTree = "<group>"; };
		7382AF081AD4D5F0005054D9 /* TinyOrderTests.xctest */ = {isa = PBXFileReference; explicitFileType = wrapper.cfbundle; includeInIndex = 0; path = TinyOrderTests.xctest; sourceTree = BUILT_PRODUCTS_DIR; };
		7382AF0D1AD4D5F0005054D9 /* Info.plist */ = {isa = PBXFileReference; lastKnownFileType = text.plist.xml; path = Info.plist; sourceTree = "<group>"; };
		7382AF0E1AD4D5F0005054D9 /* TinyOrderTests.m */ = {isa = PBXFileReference; lastKnownFileType = sourcecode.c.objc; path = TinyOrderTests.m; sourceTree = "<group>"; };
		7382AF181AD4D636005054D9 /* MyTabBarController.h */ = {isa = PBXFileReference; fileEncoding = 4; lastKnownFileType = sourcecode.c.h; path = MyTabBarController.h; sourceTree = "<group>"; };
		7382AF191AD4D636005054D9 /* MyTabBarController.m */ = {isa = PBXFileReference; fileEncoding = 4; lastKnownFileType = sourcecode.c.objc; path = MyTabBarController.m; sourceTree = "<group>"; };
		7382AF341AD4DCEC005054D9 /* AccountViewController.h */ = {isa = PBXFileReference; fileEncoding = 4; lastKnownFileType = sourcecode.c.h; path = AccountViewController.h; sourceTree = "<group>"; };
		7382AF351AD4DCEC005054D9 /* AccountViewController.m */ = {isa = PBXFileReference; fileEncoding = 4; lastKnownFileType = sourcecode.c.objc; path = AccountViewController.m; sourceTree = "<group>"; };
		7382AF371AD4DD4D005054D9 /* NewOrdersViewController.h */ = {isa = PBXFileReference; fileEncoding = 4; lastKnownFileType = sourcecode.c.h; path = NewOrdersViewController.h; sourceTree = "<group>"; };
		7382AF381AD4DD4D005054D9 /* NewOrdersViewController.m */ = {isa = PBXFileReference; fileEncoding = 4; lastKnownFileType = sourcecode.c.objc; path = NewOrdersViewController.m; sourceTree = "<group>"; };
		7382AF421AD4DE76005054D9 /* MenuViewController.h */ = {isa = PBXFileReference; fileEncoding = 4; lastKnownFileType = sourcecode.c.h; path = MenuViewController.h; sourceTree = "<group>"; };
		7382AF431AD4DE76005054D9 /* MenuViewController.m */ = {isa = PBXFileReference; fileEncoding = 4; lastKnownFileType = sourcecode.c.objc; path = MenuViewController.m; sourceTree = "<group>"; };
		7382AF451AD4E068005054D9 /* ProcessedViewController.h */ = {isa = PBXFileReference; fileEncoding = 4; lastKnownFileType = sourcecode.c.h; path = ProcessedViewController.h; sourceTree = "<group>"; };
		7382AF461AD4E068005054D9 /* ProcessedViewController.m */ = {isa = PBXFileReference; fileEncoding = 4; lastKnownFileType = sourcecode.c.objc; path = ProcessedViewController.m; sourceTree = "<group>"; };
		73BAC8591AEDF8F900D31A04 /* Meal.h */ = {isa = PBXFileReference; fileEncoding = 4; lastKnownFileType = sourcecode.c.h; path = Meal.h; sourceTree = "<group>"; };
		73BAC85A1AEDF8F900D31A04 /* Meal.m */ = {isa = PBXFileReference; fileEncoding = 4; lastKnownFileType = sourcecode.c.objc; path = Meal.m; sourceTree = "<group>"; };
		73BAC85C1AEE077200D31A04 /* MealPriceView.h */ = {isa = PBXFileReference; fileEncoding = 4; lastKnownFileType = sourcecode.c.h; path = MealPriceView.h; sourceTree = "<group>"; };
		73BAC85D1AEE077200D31A04 /* MealPriceView.m */ = {isa = PBXFileReference; fileEncoding = 4; lastKnownFileType = sourcecode.c.objc; path = MealPriceView.m; sourceTree = "<group>"; };
		73BC6E081ADE3C6500E8928B /* HTTPPost.h */ = {isa = PBXFileReference; fileEncoding = 4; lastKnownFileType = sourcecode.c.h; path = HTTPPost.h; sourceTree = "<group>"; };
		73BC6E091ADE3C6500E8928B /* HTTPPost.m */ = {isa = PBXFileReference; fileEncoding = 4; lastKnownFileType = sourcecode.c.objc; path = HTTPPost.m; sourceTree = "<group>"; };
		FB6E38B739314AC0E9FF630A /* Pods.debug.xcconfig */ = {isa = PBXFileReference; includeInIndex = 1; lastKnownFileType = text.xcconfig; name = Pods.debug.xcconfig; path = "Pods/Target Support Files/Pods/Pods.debug.xcconfig"; sourceTree = "<group>"; };
/* End PBXFileReference section */

/* Begin PBXFrameworksBuildPhase section */
		7382AEF21AD4D5F0005054D9 /* Frameworks */ = {
			isa = PBXFrameworksBuildPhase;
			buildActionMask = 2147483647;
			files = (
				7337943D1AE78B200077B188 /* libPushSDK-1.8.3.a in Frameworks */,
				733794351AE77A930077B188 /* CoreGraphics.framework in Frameworks */,
				733794331AE77A840077B188 /* Foundation.framework in Frameworks */,
				733794311AE77A710077B188 /* UIKit.framework in Frameworks */,
				7337942F1AE77A670077B188 /* CFNetwork.framework in Frameworks */,
				7337942D1AE77A500077B188 /* CoreFoundation.framework in Frameworks */,
				7337942B1AE77A460077B188 /* CoreTelephony.framework in Frameworks */,
				733794291AE77A3A0077B188 /* SystemConfiguration.framework in Frameworks */,
				733794271AE77A2B0077B188 /* Security.framework in Frameworks */,
				733794251AE77A1F0077B188 /* libz.dylib in Frameworks */,
				52F10E42D4242049BAB3965A /* libPods.a in Frameworks */,
				73693EF61AE4E5FA00F707B0 /* libUartLib.a in Frameworks */,
			);
			runOnlyForDeploymentPostprocessing = 0;
		};
		7382AF051AD4D5F0005054D9 /* Frameworks */ = {
			isa = PBXFrameworksBuildPhase;
			buildActionMask = 2147483647;
			files = (
			);
			runOnlyForDeploymentPostprocessing = 0;
		};
/* End PBXFrameworksBuildPhase section */

/* Begin PBXGroup section */
		21F1FBA4E9B08FAA14162770 /* Pods */ = {
			isa = PBXGroup;
			children = (
				FB6E38B739314AC0E9FF630A /* Pods.debug.xcconfig */,
				46DA2D3435A7D8ED0DF31559 /* Pods.release.xcconfig */,
			);
			name = Pods;
			sourceTree = "<group>";
		};
		732211901AD6643E00026841 /* Reco */ = {
			isa = PBXGroup;
			children = (
				735CA9631AEA05F4008CB15F /* tabbar_n_0.png */,
				735CA9641AEA05F4008CB15F /* tabbar_n_1.png */,
				735CA9651AEA05F4008CB15F /* tabbar_n_2.png */,
				735CA9661AEA05F4008CB15F /* tabbar_n_3.png */,
				735CA9671AEA05F4008CB15F /* tabbar_s_0.png */,
				735CA9681AEA05F4008CB15F /* tabbar_s_1.png */,
				735CA9691AEA05F4008CB15F /* tabbar_s_2.png */,
				735CA96A1AEA05F4008CB15F /* tabbar_s_3.png */,
				7349EA271AE89EA5003F37B3 /* nky.mp3 */,
				7337941B1AE73B760077B188 /* flod.png */,
				7337941C1AE73B760077B188 /* unfold.png */,
				7336EFC41AE6405A00D03B03 /* processedBack.png */,
				7336EFC01AE63E1B00D03B03 /* dealDelivery_e.png */,
				7336EFC11AE63E1B00D03B03 /* dealDelivery_n.png */,
				7336EFBA1AE616C900D03B03 /* didDelivery_s.png */,
				7336EFB81AE600F000D03B03 /* delivery_s.png */,
				7336EFBC1AE61A0700D03B03 /* delivery_n.png */,
				7336EFBD1AE61A0700D03B03 /* didDelivery_n.png */,
				7336EFB41AE5FBA500D03B03 /* dealprint.png */,
				7336EFB51AE5FBA500D03B03 /* nulliy.png */,
				734EECFE1AE0BDA50024DD66 /* userIcon.png */,
				735EC2DF1ADF7D300085EF16 /* add_normal.png */,
				735EC2E01ADF7D300085EF16 /* add_press.png */,
				735EC2E11ADF7D300085EF16 /* reduce_normal.png */,
				735EC2E21ADF7D300085EF16 /* reduce_press.png */,
				735EC2CF1ADF4C780085EF16 /* bluetooth@2x.png */,
				73211CE81ADCD20000788E40 /* loginPass.png */,
				73211CE61ADCC81500788E40 /* loginName.png */,
				73211CE41ADCC71600788E40 /* logo.png */,
				7357F62E1ADB9DDB00056A6B /* proceState.png */,
				735EC2DD1ADF7CFA0085EF16 /* account_0.png */,
				7357F5CD1ADB6EA400056A6B /* account_1.png */,
				7357F5CE1ADB6EA400056A6B /* account_2.png */,
				7357F5CF1ADB6EA400056A6B /* account_3.png */,
				7357F5D01ADB6EA400056A6B /* account_4.png */,
				7357F5D11ADB6EA400056A6B /* account_5.png */,
				7357F5D21ADB6EA400056A6B /* account_6.png */,
				736A83D71AD91D420022EE04 /* state@2x.png */,
				736A83C41AD8CC5D0022EE04 /* Icon.png */,
				736A83C51AD8CC5D0022EE04 /* Icon@2x.png */,
				737153801AD77D700077C373 /* clear@2x.png */,
				737153811AD77D700077C373 /* delete@2x.png */,
				737153821AD77D700077C373 /* edit@2x.png */,
				732211931AD6658A00026841 /* PHOTO.png */,
				732211911AD6645000026841 /* iphone5s-5@2_03.png */,
			);
			path = Reco;
			sourceTree = "<group>";
		};
		732F73B51AD4FA5F006E4DC9 /* UIViewAdditions */ = {
			isa = PBXGroup;
			children = (
				732F73B61AD4FA5F006E4DC9 /* UIViewAdditions.h */,
				732F73B71AD4FA5F006E4DC9 /* UIViewAdditions.m */,
			);
			path = UIViewAdditions;
			sourceTree = "<group>";
		};
		73684AFE1AE1FE67007A9BB1 /* MJRefresh */ = {
			isa = PBXGroup;
			children = (
				73684AFF1AE1FE96007A9BB1 /* MJRefresh.bundle */,
				73684B001AE1FE96007A9BB1 /* MJRefresh.h */,
				73684B011AE1FE96007A9BB1 /* MJRefreshBaseView.h */,
				73684B021AE1FE96007A9BB1 /* MJRefreshBaseView.m */,
				73684B031AE1FE96007A9BB1 /* MJRefreshConst.h */,
				73684B041AE1FE96007A9BB1 /* MJRefreshConst.m */,
				73684B051AE1FE96007A9BB1 /* MJRefreshFooterView.h */,
				73684B061AE1FE96007A9BB1 /* MJRefreshFooterView.m */,
				73684B071AE1FE96007A9BB1 /* MJRefreshHeaderView.h */,
				73684B081AE1FE96007A9BB1 /* MJRefreshHeaderView.m */,
				73684B091AE1FE96007A9BB1 /* UIScrollView+MJExtension.h */,
				73684B0A1AE1FE96007A9BB1 /* UIScrollView+MJExtension.m */,
				73684B0B1AE1FE96007A9BB1 /* UIScrollView+MJRefresh.h */,
				73684B0C1AE1FE96007A9BB1 /* UIScrollView+MJRefresh.m */,
				73684B0D1AE1FE96007A9BB1 /* UIView+MJExtension.h */,
				73684B0E1AE1FE96007A9BB1 /* UIView+MJExtension.m */,
			);
			name = MJRefresh;
			sourceTree = "<group>";
		};
		7382AEEC1AD4D5F0005054D9 = {
			isa = PBXGroup;
			children = (
				7382AEF71AD4D5F0005054D9 /* TinyOrder */,
				7382AF0B1AD4D5F0005054D9 /* TinyOrderTests */,
				7382AEF61AD4D5F0005054D9 /* Products */,
				21F1FBA4E9B08FAA14162770 /* Pods */,
				C9380919E4C4358E588E9FFC /* Frameworks */,
			);
			sourceTree = "<group>";
		};
		7382AEF61AD4D5F0005054D9 /* Products */ = {
			isa = PBXGroup;
			children = (
				7382AEF51AD4D5F0005054D9 /* TinyOrder.app */,
				7382AF081AD4D5F0005054D9 /* TinyOrderTests.xctest */,
			);
			name = Products;
			sourceTree = "<group>";
		};
		7382AEF71AD4D5F0005054D9 /* TinyOrder */ = {
			isa = PBXGroup;
			children = (
				7382AEFC1AD4D5F0005054D9 /* AppDelegate.h */,
				7382AEFD1AD4D5F0005054D9 /* AppDelegate.m */,
				7382AF181AD4D636005054D9 /* MyTabBarController.h */,
				7382AF191AD4D636005054D9 /* MyTabBarController.m */,
				73211CDF1ADCC62D00788E40 /* LoginViewController.h */,
				73211CE01ADCC62D00788E40 /* LoginViewController.m */,
				73211CE11ADCC62D00788E40 /* LoginViewController.xib */,
				7382AF1B1AD4D7C6005054D9 /* General */,
				7382AF1C1AD4D7C6005054D9 /* Helpers */,
				732211901AD6643E00026841 /* Reco */,
				7382AF1D1AD4D7C6005054D9 /* Macro */,
				7382AF1F1AD4D7C6005054D9 /* Section */,
				7382AF241AD4D7C6005054D9 /* Vendors */,
				7382AEFF1AD4D5F0005054D9 /* Images.xcassets */,
				7382AF011AD4D5F0005054D9 /* LaunchScreen.xib */,
				7382AEF81AD4D5F0005054D9 /* Supporting Files */,
			);
			path = TinyOrder;
			sourceTree = "<group>";
		};
		7382AEF81AD4D5F0005054D9 /* Supporting Files */ = {
			isa = PBXGroup;
			children = (
				7382AEF91AD4D5F0005054D9 /* Info.plist */,
				7382AEFA1AD4D5F0005054D9 /* main.m */,
			);
			name = "Supporting Files";
			sourceTree = "<group>";
		};
		7382AF0B1AD4D5F0005054D9 /* TinyOrderTests */ = {
			isa = PBXGroup;
			children = (
				7382AF0E1AD4D5F0005054D9 /* TinyOrderTests.m */,
				7382AF0C1AD4D5F0005054D9 /* Supporting Files */,
			);
			path = TinyOrderTests;
			sourceTree = "<group>";
		};
		7382AF0C1AD4D5F0005054D9 /* Supporting Files */ = {
			isa = PBXGroup;
			children = (
				7382AF0D1AD4D5F0005054D9 /* Info.plist */,
			);
			name = "Supporting Files";
			sourceTree = "<group>";
		};
		7382AF1B1AD4D7C6005054D9 /* General */ = {
			isa = PBXGroup;
			children = (
				73211D0D1ADD05B300788E40 /* NSString+NSString_MD5.h */,
				73211D0E1ADD05B300788E40 /* NSString+NSString_MD5.m */,
				73BC6E081ADE3C6500E8928B /* HTTPPost.h */,
				73BC6E091ADE3C6500E8928B /* HTTPPost.m */,
				734EECFA1AE09B530024DD66 /* UserInfo.h */,
				734EECFB1AE09B530024DD66 /* UserInfo.m */,
				73693EF11AE4E43900F707B0 /* GeneralBlueTooth.h */,
				73693EF21AE4E43900F707B0 /* GeneralBlueTooth.m */,
			);
			path = General;
			sourceTree = "<group>";
		};
		7382AF1C1AD4D7C6005054D9 /* Helpers */ = {
			isa = PBXGroup;
			children = (
				734EECFD1AE09D530024DD66 /* AllHeader.pch */,
			);
			path = Helpers;
			sourceTree = "<group>";
		};
		7382AF1D1AD4D7C6005054D9 /* Macro */ = {
			isa = PBXGroup;
			children = (
			);
			path = Macro;
			sourceTree = "<group>";
		};
		7382AF1F1AD4D7C6005054D9 /* Section */ = {
			isa = PBXGroup;
			children = (
				7382AF201AD4D7C6005054D9 /* Account */,
				7382AF211AD4D7C6005054D9 /* Menu */,
				7382AF221AD4D7C6005054D9 /* NewOrders */,
				7382AF231AD4D7C6005054D9 /* ProcessedOrders */,
			);
			path = Section;
			sourceTree = "<group>";
		};
		7382AF201AD4D7C6005054D9 /* Account */ = {
			isa = PBXGroup;
			children = (
				7382AF251AD4D8F3005054D9 /* Controller */,
				7382AF261AD4D8F3005054D9 /* Model */,
				7382AF271AD4D8F3005054D9 /* View */,
			);
			path = Account;
			sourceTree = "<group>";
		};
		7382AF211AD4D7C6005054D9 /* Menu */ = {
			isa = PBXGroup;
			children = (
				7382AF411AD4DE63005054D9 /* Controller */,
				7382AF291AD4D90F005054D9 /* Model */,
				7382AF2A1AD4D90F005054D9 /* View */,
			);
			path = Menu;
			sourceTree = "<group>";
		};
		7382AF221AD4D7C6005054D9 /* NewOrders */ = {
			isa = PBXGroup;
			children = (
				7382AF2B1AD4D919005054D9 /* Controller */,
				7382AF2C1AD4D919005054D9 /* Model */,
				7382AF2D1AD4D919005054D9 /* View */,
			);
			path = NewOrders;
			sourceTree = "<group>";
		};
		7382AF231AD4D7C6005054D9 /* ProcessedOrders */ = {
			isa = PBXGroup;
			children = (
				7382AF2E1AD4D924005054D9 /* Controller */,
				7382AF2F1AD4D924005054D9 /* Model */,
				7382AF301AD4D924005054D9 /* View */,
			);
			path = ProcessedOrders;
			sourceTree = "<group>";
		};
		7382AF241AD4D7C6005054D9 /* Vendors */ = {
			isa = PBXGroup;
			children = (
				7337943A1AE782D50077B188 /* lib */,
				733794381AE77F0B0077B188 /* PushConfig.plist */,
				73693EF41AE4E5FA00F707B0 /* UartLib.h */,
				73693EF51AE4E5FA00F707B0 /* libUartLib.a */,
				73684AFE1AE1FE67007A9BB1 /* MJRefresh */,
				735EC2DA1ADF66250085EF16 /* CustomIOSAlertView.h */,
				735EC2DB1ADF66250085EF16 /* CustomIOSAlertView.m */,
				73211D131ADD0D8B00788E40 /* JSONKit.h */,
				73211D141ADD0D8B00788E40 /* JSONKit.m */,
				732F73B51AD4FA5F006E4DC9 /* UIViewAdditions */,
			);
			path = Vendors;
			sourceTree = "<group>";
		};
		7382AF251AD4D8F3005054D9 /* Controller */ = {
			isa = PBXGroup;
			children = (
				7382AF341AD4DCEC005054D9 /* AccountViewController.h */,
				7382AF351AD4DCEC005054D9 /* AccountViewController.m */,
				737153BE1AD7D07B0077C373 /* RevenueViewController.h */,
				737153BF1AD7D07B0077C373 /* RevenueViewController.m */,
				736A83B21AD8B2E40022EE04 /* BulletinViewController.h */,
				736A83B31AD8B2E40022EE04 /* BulletinViewController.m */,
				7357F5CA1ADB58F200056A6B /* BluetoothViewController.h */,
				7357F5CB1ADB58F200056A6B /* BluetoothViewController.m */,
				735EC2C61ADF454E0085EF16 /* PrintTestViewController.h */,
				735EC2C71ADF454E0085EF16 /* PrintTestViewController.m */,
			);
			path = Controller;
			sourceTree = "<group>";
		};
		7382AF261AD4D8F3005054D9 /* Model */ = {
			isa = PBXGroup;
			children = (
				7322117C1AD641FC00026841 /* AccountModel.h */,
				7322117D1AD641FC00026841 /* AccountModel.m */,
				733D81F11AEF25D50079CE8D /* RevewnueModel.h */,
				733D81F21AEF25D50079CE8D /* RevewnueModel.m */,
			);
			path = Model;
			sourceTree = "<group>";
		};
		7382AF271AD4D8F3005054D9 /* View */ = {
			isa = PBXGroup;
			children = (
				736A83B81AD8B36E0022EE04 /* BulletinView.h */,
				736A83B91AD8B36E0022EE04 /* BulletinView.m */,
				736A83BA1AD8B36E0022EE04 /* RevenueViewCell.h */,
				736A83BB1AD8B36E0022EE04 /* RevenueViewCell.m */,
				732211791AD62B6E00026841 /* AccountViewCell.h */,
				7322117A1AD62B6E00026841 /* AccountViewCell.m */,
				732211821AD64A7100026841 /* HeaderView.h */,
				732211831AD64A7100026841 /* HeaderView.m */,
				735EC2C91ADF49E80085EF16 /* PeripheralViewCell.h */,
				735EC2CA1ADF49E80085EF16 /* PeripheralViewCell.m */,
				735EC2CC1ADF4A2A0085EF16 /* PrintNumViewCell.h */,
				735EC2CD1ADF4A2A0085EF16 /* PrintNumViewCell.m */,
				735EC2E71ADF7D840085EF16 /* BusinessViewCell.h */,
				735EC2E81ADF7D840085EF16 /* BusinessViewCell.m */,
			);
			path = View;
			sourceTree = "<group>";
		};
		7382AF291AD4D90F005054D9 /* Model */ = {
			isa = PBXGroup;
			children = (
				732F73B91AD503E5006E4DC9 /* MenuModel.h */,
				732F73BA1AD503E5006E4DC9 /* MenuModel.m */,
				734EED611AE101240024DD66 /* DetailModel.h */,
				734EED621AE101240024DD66 /* DetailModel.m */,
			);
			path = Model;
			sourceTree = "<group>";
		};
		7382AF2A1AD4D90F005054D9 /* View */ = {
			isa = PBXGroup;
			children = (
				732F73B21AD4F7C0006E4DC9 /* MenuViewCell.h */,
				732F73B31AD4F7C0006E4DC9 /* MenuViewCell.m */,
				7371537A1AD771D40077C373 /* DetailsViewCell.h */,
				7371537B1AD771D40077C373 /* DetailsViewCell.m */,
				7371537D1AD779320077C373 /* DetailEditViewCell.h */,
				7371537E1AD779320077C373 /* DetailEditViewCell.m */,
				732F73BC1AD50F7B006E4DC9 /* AddMenuCell.h */,
				732F73BD1AD50F7B006E4DC9 /* AddMenuCell.m */,
				732F73C51AD51DFD006E4DC9 /* EditViewCell.h */,
				732F73C61AD51DFD006E4DC9 /* EditViewCell.m */,
				7322118D1AD6602E00026841 /* AddMenuView.h */,
				7322118E1AD6602E00026841 /* AddMenuView.m */,
			);
			path = View;
			sourceTree = "<group>";
		};
		7382AF2B1AD4D919005054D9 /* Controller */ = {
			isa = PBXGroup;
			children = (
				7382AF371AD4DD4D005054D9 /* NewOrdersViewController.h */,
				7382AF381AD4DD4D005054D9 /* NewOrdersViewController.m */,
			);
			path = Controller;
			sourceTree = "<group>";
		};
		7382AF2C1AD4D919005054D9 /* Model */ = {
			isa = PBXGroup;
			children = (
				733794181AE738850077B188 /* NewOrderModel.h */,
				733794191AE738850077B188 /* NewOrderModel.m */,
			);
			path = Model;
			sourceTree = "<group>";
		};
		7382AF2D1AD4D919005054D9 /* View */ = {
			isa = PBXGroup;
			children = (
				736A83C81AD8EE700022EE04 /* NewOrdersiewCell.h */,
				736A83C91AD8EE700022EE04 /* NewOrdersiewCell.m */,
				736A83CB1AD8EE8D0022EE04 /* OrderView.h */,
				736A83CC1AD8EE8D0022EE04 /* OrderView.m */,
				736A83CE1AD8FF9C0022EE04 /* MenuView.h */,
				736A83CF1AD8FF9C0022EE04 /* MenuView.m */,
				736A83D11AD90E120022EE04 /* OtherPaceView.h */,
				736A83D21AD90E120022EE04 /* OtherPaceView.m */,
				736A83D41AD919150022EE04 /* TotalViw.h */,
				736A83D51AD919150022EE04 /* TotalViw.m */,
			);
			path = View;
			sourceTree = "<group>";
		};
		7382AF2E1AD4D924005054D9 /* Controller */ = {
			isa = PBXGroup;
			children = (
				7382AF451AD4E068005054D9 /* ProcessedViewController.h */,
				7382AF461AD4E068005054D9 /* ProcessedViewController.m */,
			);
			path = Controller;
			sourceTree = "<group>";
		};
		7382AF2F1AD4D924005054D9 /* Model */ = {
			isa = PBXGroup;
			children = (
				7337941F1AE752CA0077B188 /* DealOrderModel.h */,
				733794201AE752CA0077B188 /* DealOrderModel.m */,
				73BAC8591AEDF8F900D31A04 /* Meal.h */,
				73BAC85A1AEDF8F900D31A04 /* Meal.m */,
			);
			path = Model;
			sourceTree = "<group>";
		};
		7382AF301AD4D924005054D9 /* View */ = {
			isa = PBXGroup;
			children = (
				7357F5D91ADB71C900056A6B /* ProcessedViewCell.h */,
				7357F5DA1ADB71C900056A6B /* ProcessedViewCell.m */,
				7357F5DC1ADB85BD00056A6B /* NumberView.h */,
				7357F5DD1ADB85BD00056A6B /* NumberView.m */,
				7357F5DF1ADB85EE00056A6B /* AddressView.h */,
				7357F5E01ADB85EE00056A6B /* AddressView.m */,
				7357F6301ADBAAD400056A6B /* PriceView.h */,
				7357F6311ADBAAD400056A6B /* PriceView.m */,
				73BAC85C1AEE077200D31A04 /* MealPriceView.h */,
				73BAC85D1AEE077200D31A04 /* MealPriceView.m */,
				7357F6331ADBB34600056A6B /* TotalPriceView.h */,
				7357F6341ADBB34600056A6B /* TotalPriceView.m */,
			);
			path = View;
			sourceTree = "<group>";
		};
		7382AF411AD4DE63005054D9 /* Controller */ = {
			isa = PBXGroup;
			children = (
				7382AF421AD4DE76005054D9 /* MenuViewController.h */,
				7382AF431AD4DE76005054D9 /* MenuViewController.m */,
				737153741AD76EC50077C373 /* DetailsMenuViewController.h */,
				737153751AD76EC50077C373 /* DetailsMenuViewController.m */,
				732F73BF1AD514B9006E4DC9 /* AddMenuViewController.h */,
				732F73C01AD514B9006E4DC9 /* AddMenuViewController.m */,
				732F73C21AD51BE6006E4DC9 /* EditMenuViewController.h */,
				732F73C31AD51BE6006E4DC9 /* EditMenuViewController.m */,
			);
			path = Controller;
			sourceTree = "<group>";
		};
		C9380919E4C4358E588E9FFC /* Frameworks */ = {
			isa = PBXGroup;
			children = (
				7337943C1AE78B200077B188 /* libPushSDK-1.8.3.a */,
				733794341AE77A930077B188 /* CoreGraphics.framework */,
				733794321AE77A840077B188 /* Foundation.framework */,
				733794301AE77A710077B188 /* UIKit.framework */,
				7337942E1AE77A670077B188 /* CFNetwork.framework */,
				7337942C1AE77A500077B188 /* CoreFoundation.framework */,
				7337942A1AE77A460077B188 /* CoreTelephony.framework */,
				733794281AE77A3A0077B188 /* SystemConfiguration.framework */,
				733794261AE77A2B0077B188 /* Security.framework */,
				733794241AE77A1F0077B188 /* libz.dylib */,
				66424C3978E90A581447440D /* libPods.a */,
			);
			name = Frameworks;
			sourceTree = "<group>";
		};
/* End PBXGroup section */

/* Begin PBXNativeTarget section */
		7382AEF41AD4D5F0005054D9 /* TinyOrder */ = {
			isa = PBXNativeTarget;
			buildConfigurationList = 7382AF121AD4D5F0005054D9 /* Build configuration list for PBXNativeTarget "TinyOrder" */;
			buildPhases = (
				1262D30C57D8B413F8ECD1BA /* Check Pods Manifest.lock */,
				7382AEF11AD4D5F0005054D9 /* Sources */,
				7382AEF21AD4D5F0005054D9 /* Frameworks */,
				7382AEF31AD4D5F0005054D9 /* Resources */,
				BB638BAEAAF004B759839220 /* Copy Pods Resources */,
			);
			buildRules = (
			);
			dependencies = (
			);
			name = TinyOrder;
			productName = TinyOrder;
			productReference = 7382AEF51AD4D5F0005054D9 /* TinyOrder.app */;
			productType = "com.apple.product-type.application";
		};
		7382AF071AD4D5F0005054D9 /* TinyOrderTests */ = {
			isa = PBXNativeTarget;
			buildConfigurationList = 7382AF151AD4D5F0005054D9 /* Build configuration list for PBXNativeTarget "TinyOrderTests" */;
			buildPhases = (
				7382AF041AD4D5F0005054D9 /* Sources */,
				7382AF051AD4D5F0005054D9 /* Frameworks */,
				7382AF061AD4D5F0005054D9 /* Resources */,
			);
			buildRules = (
			);
			dependencies = (
				7382AF0A1AD4D5F0005054D9 /* PBXTargetDependency */,
			);
			name = TinyOrderTests;
			productName = TinyOrderTests;
			productReference = 7382AF081AD4D5F0005054D9 /* TinyOrderTests.xctest */;
			productType = "com.apple.product-type.bundle.unit-test";
		};
/* End PBXNativeTarget section */

/* Begin PBXProject section */
		7382AEED1AD4D5F0005054D9 /* Project object */ = {
			isa = PBXProject;
			attributes = {
				LastUpgradeCheck = 0620;
				ORGANIZATIONNAME = "仙林";
				TargetAttributes = {
					7382AEF41AD4D5F0005054D9 = {
						CreatedOnToolsVersion = 6.2;
					};
					7382AF071AD4D5F0005054D9 = {
						CreatedOnToolsVersion = 6.2;
						TestTargetID = 7382AEF41AD4D5F0005054D9;
					};
				};
			};
			buildConfigurationList = 7382AEF01AD4D5F0005054D9 /* Build configuration list for PBXProject "TinyOrder" */;
			compatibilityVersion = "Xcode 3.2";
			developmentRegion = English;
			hasScannedForEncodings = 0;
			knownRegions = (
				en,
				Base,
			);
			mainGroup = 7382AEEC1AD4D5F0005054D9;
			productRefGroup = 7382AEF61AD4D5F0005054D9 /* Products */;
			projectDirPath = "";
			projectRoot = "";
			targets = (
				7382AEF41AD4D5F0005054D9 /* TinyOrder */,
				7382AF071AD4D5F0005054D9 /* TinyOrderTests */,
			);
		};
/* End PBXProject section */

/* Begin PBXResourcesBuildPhase section */
		7382AEF31AD4D5F0005054D9 /* Resources */ = {
			isa = PBXResourcesBuildPhase;
			buildActionMask = 2147483647;
			files = (
				735CA9711AEA05F4008CB15F /* tabbar_s_2.png in Resources */,
				7349EA281AE89EA5003F37B3 /* nky.mp3 in Resources */,
				7382AF031AD4D5F0005054D9 /* LaunchScreen.xib in Resources */,
				7357F5D81ADB6EA400056A6B /* account_6.png in Resources */,
				7336EFBB1AE616C900D03B03 /* didDelivery_s.png in Resources */,
				7357F5D41ADB6EA400056A6B /* account_2.png in Resources */,
				735CA96D1AEA05F4008CB15F /* tabbar_n_2.png in Resources */,
				735EC2D01ADF4C780085EF16 /* bluetooth@2x.png in Resources */,
				7357F5D31ADB6EA400056A6B /* account_1.png in Resources */,
				7336EFB61AE5FBA500D03B03 /* dealprint.png in Resources */,
				7336EFC21AE63E1B00D03B03 /* dealDelivery_e.png in Resources */,
				7336EFBF1AE61A0700D03B03 /* didDelivery_n.png in Resources */,
				735CA9701AEA05F4008CB15F /* tabbar_s_1.png in Resources */,
				736A83C71AD8CC5D0022EE04 /* Icon@2x.png in Resources */,
				7357F5D71ADB6EA400056A6B /* account_5.png in Resources */,
				7336EFC31AE63E1B00D03B03 /* dealDelivery_n.png in Resources */,
				737153841AD77D700077C373 /* delete@2x.png in Resources */,
				7336EFC51AE6405A00D03B03 /* processedBack.png in Resources */,
				735CA96C1AEA05F4008CB15F /* tabbar_n_1.png in Resources */,
				735EC2E61ADF7D300085EF16 /* reduce_press.png in Resources */,
				733794391AE77F0B0077B188 /* PushConfig.plist in Resources */,
				737153831AD77D700077C373 /* clear@2x.png in Resources */,
				735CA9721AEA05F4008CB15F /* tabbar_s_3.png in Resources */,
				734EECFF1AE0BDA50024DD66 /* userIcon.png in Resources */,
				7337943B1AE782D50077B188 /* lib in Resources */,
				73211CE31ADCC62D00788E40 /* LoginViewController.xib in Resources */,
				736A83D81AD91D420022EE04 /* state@2x.png in Resources */,
				7357F5D61ADB6EA400056A6B /* account_4.png in Resources */,
				7336EFB91AE600F000D03B03 /* delivery_s.png in Resources */,
				7337941E1AE73B760077B188 /* unfold.png in Resources */,
				7382AF001AD4D5F0005054D9 /* Images.xcassets in Resources */,
				73211CE51ADCC71600788E40 /* logo.png in Resources */,
				736A83C61AD8CC5D0022EE04 /* Icon.png in Resources */,
				73211CE71ADCC81500788E40 /* loginName.png in Resources */,
				73211CE91ADCD20000788E40 /* loginPass.png in Resources */,
				732211941AD6658A00026841 /* PHOTO.png in Resources */,
				735EC2E31ADF7D300085EF16 /* add_normal.png in Resources */,
				735EC2DE1ADF7CFA0085EF16 /* account_0.png in Resources */,
				735CA96B1AEA05F4008CB15F /* tabbar_n_0.png in Resources */,
				7336EFB71AE5FBA500D03B03 /* nulliy.png in Resources */,
				737153851AD77D700077C373 /* edit@2x.png in Resources */,
				73684B0F1AE1FE96007A9BB1 /* MJRefresh.bundle in Resources */,
				7337941D1AE73B760077B188 /* flod.png in Resources */,
				735EC2E41ADF7D300085EF16 /* add_press.png in Resources */,
				735EC2E51ADF7D300085EF16 /* reduce_normal.png in Resources */,
				7336EFBE1AE61A0700D03B03 /* delivery_n.png in Resources */,
				7357F62F1ADB9DDB00056A6B /* proceState.png in Resources */,
				735CA96E1AEA05F4008CB15F /* tabbar_n_3.png in Resources */,
				732211921AD6645000026841 /* iphone5s-5@2_03.png in Resources */,
				735CA96F1AEA05F4008CB15F /* tabbar_s_0.png in Resources */,
				7357F5D51ADB6EA400056A6B /* account_3.png in Resources */,
			);
			runOnlyForDeploymentPostprocessing = 0;
		};
		7382AF061AD4D5F0005054D9 /* Resources */ = {
			isa = PBXResourcesBuildPhase;
			buildActionMask = 2147483647;
			files = (
			);
			runOnlyForDeploymentPostprocessing = 0;
		};
/* End PBXResourcesBuildPhase section */

/* Begin PBXShellScriptBuildPhase section */
		1262D30C57D8B413F8ECD1BA /* Check Pods Manifest.lock */ = {
			isa = PBXShellScriptBuildPhase;
			buildActionMask = 2147483647;
			files = (
			);
			inputPaths = (
			);
			name = "Check Pods Manifest.lock";
			outputPaths = (
			);
			runOnlyForDeploymentPostprocessing = 0;
			shellPath = /bin/sh;
			shellScript = "diff \"${PODS_ROOT}/../Podfile.lock\" \"${PODS_ROOT}/Manifest.lock\" > /dev/null\nif [[ $? != 0 ]] ; then\n    cat << EOM\nerror: The sandbox is not in sync with the Podfile.lock. Run 'pod install' or update your CocoaPods installation.\nEOM\n    exit 1\nfi\n";
			showEnvVarsInLog = 0;
		};
		BB638BAEAAF004B759839220 /* Copy Pods Resources */ = {
			isa = PBXShellScriptBuildPhase;
			buildActionMask = 2147483647;
			files = (
			);
			inputPaths = (
			);
			name = "Copy Pods Resources";
			outputPaths = (
			);
			runOnlyForDeploymentPostprocessing = 0;
			shellPath = /bin/sh;
			shellScript = "\"${SRCROOT}/Pods/Target Support Files/Pods/Pods-resources.sh\"\n";
			showEnvVarsInLog = 0;
		};
/* End PBXShellScriptBuildPhase section */

/* Begin PBXSourcesBuildPhase section */
		7382AEF11AD4D5F0005054D9 /* Sources */ = {
			isa = PBXSourcesBuildPhase;
			buildActionMask = 2147483647;
			files = (
				73211CE21ADCC62D00788E40 /* LoginViewController.m in Sources */,
				736A83CD1AD8EE8D0022EE04 /* OrderView.m in Sources */,
				732F73C71AD51DFD006E4DC9 /* EditViewCell.m in Sources */,
				7382AEFE1AD4D5F0005054D9 /* AppDelegate.m in Sources */,
				735EC2DC1ADF66250085EF16 /* CustomIOSAlertView.m in Sources */,
				732F73B41AD4F7C0006E4DC9 /* MenuViewCell.m in Sources */,
				73BAC85E1AEE077200D31A04 /* MealPriceView.m in Sources */,
				732F73BE1AD50F7B006E4DC9 /* AddMenuCell.m in Sources */,
				733D81F31AEF25D50079CE8D /* RevewnueModel.m in Sources */,
				7357F5DE1ADB85BD00056A6B /* NumberView.m in Sources */,
				734EECFC1AE09B530024DD66 /* UserInfo.m in Sources */,
				732F73C11AD514B9006E4DC9 /* AddMenuViewController.m in Sources */,
				735EC2CB1ADF49E80085EF16 /* PeripheralViewCell.m in Sources */,
				736A83CA1AD8EE700022EE04 /* NewOrdersiewCell.m in Sources */,
				737153C01AD7D07B0077C373 /* RevenueViewController.m in Sources */,
				736A83D31AD90E120022EE04 /* OtherPaceView.m in Sources */,
				7357F6321ADBAAD400056A6B /* PriceView.m in Sources */,
				7371537F1AD779320077C373 /* DetailEditViewCell.m in Sources */,
				735EC2CE1ADF4A2A0085EF16 /* PrintNumViewCell.m in Sources */,
				7322118F1AD6602E00026841 /* AddMenuView.m in Sources */,
				732F73BB1AD503E5006E4DC9 /* MenuModel.m in Sources */,
				73BAC85B1AEDF8F900D31A04 /* Meal.m in Sources */,
				736A83B41AD8B2E40022EE04 /* BulletinViewController.m in Sources */,
				732F73C41AD51BE6006E4DC9 /* EditMenuViewController.m in Sources */,
				736A83D01AD8FF9C0022EE04 /* MenuView.m in Sources */,
				73684B121AE1FE96007A9BB1 /* MJRefreshFooterView.m in Sources */,
				7357F5CC1ADB58F200056A6B /* BluetoothViewController.m in Sources */,
				736A83BC1AD8B36E0022EE04 /* BulletinView.m in Sources */,
				73684B111AE1FE96007A9BB1 /* MJRefreshConst.m in Sources */,
				7357F5DB1ADB71C900056A6B /* ProcessedViewCell.m in Sources */,
				7322117E1AD641FC00026841 /* AccountModel.m in Sources */,
				7371537C1AD771D40077C373 /* DetailsViewCell.m in Sources */,
				73693EF31AE4E43900F707B0 /* GeneralBlueTooth.m in Sources */,
				737153761AD76EC50077C373 /* DetailsMenuViewController.m in Sources */,
				733794211AE752CA0077B188 /* DealOrderModel.m in Sources */,
				736A83BD1AD8B36E0022EE04 /* RevenueViewCell.m in Sources */,
				732211841AD64A7100026841 /* HeaderView.m in Sources */,
				735EC2C81ADF454E0085EF16 /* PrintTestViewController.m in Sources */,
				732F73B81AD4FA5F006E4DC9 /* UIViewAdditions.m in Sources */,
				7382AF471AD4E068005054D9 /* ProcessedViewController.m in Sources */,
				736A83D61AD919150022EE04 /* TotalViw.m in Sources */,
				73684B131AE1FE96007A9BB1 /* MJRefreshHeaderView.m in Sources */,
				7382AF441AD4DE76005054D9 /* MenuViewController.m in Sources */,
				7357F6351ADBB34600056A6B /* TotalPriceView.m in Sources */,
				7382AEFB1AD4D5F0005054D9 /* main.m in Sources */,
				73684B151AE1FE96007A9BB1 /* UIScrollView+MJRefresh.m in Sources */,
				73684B141AE1FE96007A9BB1 /* UIScrollView+MJExtension.m in Sources */,
				73211D151ADD0D8B00788E40 /* JSONKit.m in Sources */,
				7357F5E11ADB85EE00056A6B /* AddressView.m in Sources */,
				734EED631AE101240024DD66 /* DetailModel.m in Sources */,
				7382AF1A1AD4D636005054D9 /* MyTabBarController.m in Sources */,
				73BC6E0A1ADE3C6500E8928B /* HTTPPost.m in Sources */,
				73684B101AE1FE96007A9BB1 /* MJRefreshBaseView.m in Sources */,
				7337941A1AE738850077B188 /* NewOrderModel.m in Sources */,
				73211D0F1ADD05B300788E40 /* NSString+NSString_MD5.m in Sources */,
				73684B161AE1FE96007A9BB1 /* UIView+MJExtension.m in Sources */,
				735EC2E91ADF7D840085EF16 /* BusinessViewCell.m in Sources */,
				7322117B1AD62B6E00026841 /* AccountViewCell.m in Sources */,
				7382AF391AD4DD4D005054D9 /* NewOrdersViewController.m in Sources */,
				7382AF361AD4DCEC005054D9 /* AccountViewController.m in Sources */,
			);
			runOnlyForDeploymentPostprocessing = 0;
		};
		7382AF041AD4D5F0005054D9 /* Sources */ = {
			isa = PBXSourcesBuildPhase;
			buildActionMask = 2147483647;
			files = (
				7382AF0F1AD4D5F0005054D9 /* TinyOrderTests.m in Sources */,
			);
			runOnlyForDeploymentPostprocessing = 0;
		};
/* End PBXSourcesBuildPhase section */

/* Begin PBXTargetDependency section */
		7382AF0A1AD4D5F0005054D9 /* PBXTargetDependency */ = {
			isa = PBXTargetDependency;
			target = 7382AEF41AD4D5F0005054D9 /* TinyOrder */;
			targetProxy = 7382AF091AD4D5F0005054D9 /* PBXContainerItemProxy */;
		};
/* End PBXTargetDependency section */

/* Begin PBXVariantGroup section */
		7382AF011AD4D5F0005054D9 /* LaunchScreen.xib */ = {
			isa = PBXVariantGroup;
			children = (
				7382AF021AD4D5F0005054D9 /* Base */,
			);
			name = LaunchScreen.xib;
			sourceTree = "<group>";
		};
/* End PBXVariantGroup section */

/* Begin XCBuildConfiguration section */
		7382AF101AD4D5F0005054D9 /* Debug */ = {
			isa = XCBuildConfiguration;
			buildSettings = {
				ALWAYS_SEARCH_USER_PATHS = NO;
				CLANG_CXX_LANGUAGE_STANDARD = "gnu++0x";
				CLANG_CXX_LIBRARY = "libc++";
				CLANG_ENABLE_MODULES = YES;
				CLANG_ENABLE_OBJC_ARC = YES;
				CLANG_WARN_BOOL_CONVERSION = YES;
				CLANG_WARN_CONSTANT_CONVERSION = YES;
				CLANG_WARN_DIRECT_OBJC_ISA_USAGE = YES_ERROR;
				CLANG_WARN_EMPTY_BODY = YES;
				CLANG_WARN_ENUM_CONVERSION = YES;
				CLANG_WARN_INT_CONVERSION = YES;
				CLANG_WARN_OBJC_ROOT_CLASS = YES_ERROR;
				CLANG_WARN_UNREACHABLE_CODE = YES;
				CLANG_WARN__DUPLICATE_METHOD_MATCH = YES;
				"CODE_SIGN_IDENTITY[sdk=iphoneos*]" = "iPhone Developer";
				COPY_PHASE_STRIP = NO;
				ENABLE_STRICT_OBJC_MSGSEND = YES;
				GCC_C_LANGUAGE_STANDARD = gnu99;
				GCC_DYNAMIC_NO_PIC = NO;
				GCC_OPTIMIZATION_LEVEL = 0;
				GCC_PREPROCESSOR_DEFINITIONS = (
					"DEBUG=1",
					"$(inherited)",
				);
				GCC_SYMBOLS_PRIVATE_EXTERN = NO;
				GCC_WARN_64_TO_32_BIT_CONVERSION = YES;
				GCC_WARN_ABOUT_RETURN_TYPE = YES_ERROR;
				GCC_WARN_UNDECLARED_SELECTOR = YES;
				GCC_WARN_UNINITIALIZED_AUTOS = YES_AGGRESSIVE;
				GCC_WARN_UNUSED_FUNCTION = YES;
				GCC_WARN_UNUSED_VARIABLE = YES;
				IPHONEOS_DEPLOYMENT_TARGET = 8.2;
				MTL_ENABLE_DEBUG_INFO = YES;
				ONLY_ACTIVE_ARCH = YES;
				SDKROOT = iphoneos;
				TARGETED_DEVICE_FAMILY = "1,2";
			};
			name = Debug;
		};
		7382AF111AD4D5F0005054D9 /* Release */ = {
			isa = XCBuildConfiguration;
			buildSettings = {
				ALWAYS_SEARCH_USER_PATHS = NO;
				CLANG_CXX_LANGUAGE_STANDARD = "gnu++0x";
				CLANG_CXX_LIBRARY = "libc++";
				CLANG_ENABLE_MODULES = YES;
				CLANG_ENABLE_OBJC_ARC = YES;
				CLANG_WARN_BOOL_CONVERSION = YES;
				CLANG_WARN_CONSTANT_CONVERSION = YES;
				CLANG_WARN_DIRECT_OBJC_ISA_USAGE = YES_ERROR;
				CLANG_WARN_EMPTY_BODY = YES;
				CLANG_WARN_ENUM_CONVERSION = YES;
				CLANG_WARN_INT_CONVERSION = YES;
				CLANG_WARN_OBJC_ROOT_CLASS = YES_ERROR;
				CLANG_WARN_UNREACHABLE_CODE = YES;
				CLANG_WARN__DUPLICATE_METHOD_MATCH = YES;
				"CODE_SIGN_IDENTITY[sdk=iphoneos*]" = "iPhone Developer";
				COPY_PHASE_STRIP = NO;
				ENABLE_NS_ASSERTIONS = NO;
				ENABLE_STRICT_OBJC_MSGSEND = YES;
				GCC_C_LANGUAGE_STANDARD = gnu99;
				GCC_WARN_64_TO_32_BIT_CONVERSION = YES;
				GCC_WARN_ABOUT_RETURN_TYPE = YES_ERROR;
				GCC_WARN_UNDECLARED_SELECTOR = YES;
				GCC_WARN_UNINITIALIZED_AUTOS = YES_AGGRESSIVE;
				GCC_WARN_UNUSED_FUNCTION = YES;
				GCC_WARN_UNUSED_VARIABLE = YES;
				IPHONEOS_DEPLOYMENT_TARGET = 8.2;
				MTL_ENABLE_DEBUG_INFO = NO;
				SDKROOT = iphoneos;
				TARGETED_DEVICE_FAMILY = "1,2";
				VALIDATE_PRODUCT = YES;
			};
			name = Release;
		};
		7382AF131AD4D5F0005054D9 /* Debug */ = {
			isa = XCBuildConfiguration;
			baseConfigurationReference = FB6E38B739314AC0E9FF630A /* Pods.debug.xcconfig */;
			buildSettings = {
				ASSETCATALOG_COMPILER_APPICON_NAME = AppIcon;
				ASSETCATALOG_COMPILER_LAUNCHIMAGE_NAME = LaunchImage;
				CODE_SIGN_IDENTITY = "iPhone Developer: fuqian yu (X7Q7RAWEB7)";
				ENABLE_STRICT_OBJC_MSGSEND = NO;
				GCC_PREFIX_HEADER = "$(SRCROOT)/TinyOrder/Helpers/AllHeader.pch";
				HEADER_SEARCH_PATHS = (
					"$(inherited)",
					"\"${PODS_ROOT}/Headers/Public\"",
					"\"${PODS_ROOT}/Headers/Public/AFNetworking\"",
					"$(SRCROOT)/TinyOrder/Vendors/lib",
				);
				INFOPLIST_FILE = TinyOrder/Info.plist;
				IPHONEOS_DEPLOYMENT_TARGET = 7.1;
				LD_RUNPATH_SEARCH_PATHS = "$(inherited) @executable_path/Frameworks";
				LIBRARY_SEARCH_PATHS = (
					"$(inherited)",
					"$(SRCROOT)/TinyOrder/Vendors/lib",
					"$(PROJECT_DIR)/TinyOrder/Vendors",
					"$(PROJECT_DIR)/TinyOrder/Vendors/lib",
				);
				PRODUCT_NAME = "$(TARGET_NAME)";
				PROVISIONING_PROFILE = "721f6f3b-fe3c-4c49-96c7-f7df038922a7";
			};
			name = Debug;
		};
		7382AF141AD4D5F0005054D9 /* Release */ = {
			isa = XCBuildConfiguration;
			baseConfigurationReference = 46DA2D3435A7D8ED0DF31559 /* Pods.release.xcconfig */;
			buildSettings = {
				ASSETCATALOG_COMPILER_APPICON_NAME = AppIcon;
				ASSETCATALOG_COMPILER_LAUNCHIMAGE_NAME = LaunchImage;
				CODE_SIGN_IDENTITY = "iPhone Developer: fuqian yu (X7Q7RAWEB7)";
				"CODE_SIGN_IDENTITY[sdk=iphoneos*]" = "iPhone Developer: fuqian yu (X7Q7RAWEB7)";
				ENABLE_STRICT_OBJC_MSGSEND = NO;
				GCC_PREFIX_HEADER = "$(SRCROOT)/TinyOrder/Helpers/AllHeader.pch";
				HEADER_SEARCH_PATHS = (
					"$(inherited)",
					"\"${PODS_ROOT}/Headers/Public\"",
					"\"${PODS_ROOT}/Headers/Public/AFNetworking\"",
					"$(SRCROOT)/TinyOrder/Vendors/lib",
				);
				INFOPLIST_FILE = TinyOrder/Info.plist;
				IPHONEOS_DEPLOYMENT_TARGET = 7.1;
				LD_RUNPATH_SEARCH_PATHS = "$(inherited) @executable_path/Frameworks";
				LIBRARY_SEARCH_PATHS = (
					"$(inherited)",
					"$(SRCROOT)/TinyOrder/Vendors/lib",
					"$(PROJECT_DIR)/TinyOrder/Vendors",
					"$(PROJECT_DIR)/TinyOrder/Vendors/lib",
				);
				PRODUCT_NAME = "$(TARGET_NAME)";
				PROVISIONING_PROFILE = "721f6f3b-fe3c-4c49-96c7-f7df038922a7";
			};
			name = Release;
		};
		7382AF161AD4D5F0005054D9 /* Debug */ = {
			isa = XCBuildConfiguration;
			buildSettings = {
				BUNDLE_LOADER = "$(TEST_HOST)";
				FRAMEWORK_SEARCH_PATHS = (
					"$(SDKROOT)/Developer/Library/Frameworks",
					"$(inherited)",
				);
				GCC_PREPROCESSOR_DEFINITIONS = (
					"DEBUG=1",
					"$(inherited)",
				);
				INFOPLIST_FILE = TinyOrderTests/Info.plist;
				LD_RUNPATH_SEARCH_PATHS = "$(inherited) @executable_path/Frameworks @loader_path/Frameworks";
				PRODUCT_NAME = "$(TARGET_NAME)";
				TEST_HOST = "$(BUILT_PRODUCTS_DIR)/TinyOrder.app/TinyOrder";
			};
			name = Debug;
		};
		7382AF171AD4D5F0005054D9 /* Release */ = {
			isa = XCBuildConfiguration;
			buildSettings = {
				BUNDLE_LOADER = "$(TEST_HOST)";
				FRAMEWORK_SEARCH_PATHS = (
					"$(SDKROOT)/Developer/Library/Frameworks",
					"$(inherited)",
				);
				INFOPLIST_FILE = TinyOrderTests/Info.plist;
				LD_RUNPATH_SEARCH_PATHS = "$(inherited) @executable_path/Frameworks @loader_path/Frameworks";
				PRODUCT_NAME = "$(TARGET_NAME)";
				TEST_HOST = "$(BUILT_PRODUCTS_DIR)/TinyOrder.app/TinyOrder";
			};
			name = Release;
		};
/* End XCBuildConfiguration section */

/* Begin XCConfigurationList section */
		7382AEF01AD4D5F0005054D9 /* Build configuration list for PBXProject "TinyOrder" */ = {
			isa = XCConfigurationList;
			buildConfigurations = (
				7382AF101AD4D5F0005054D9 /* Debug */,
				7382AF111AD4D5F0005054D9 /* Release */,
			);
			defaultConfigurationIsVisible = 0;
			defaultConfigurationName = Release;
		};
		7382AF121AD4D5F0005054D9 /* Build configuration list for PBXNativeTarget "TinyOrder" */ = {
			isa = XCConfigurationList;
			buildConfigurations = (
				7382AF131AD4D5F0005054D9 /* Debug */,
				7382AF141AD4D5F0005054D9 /* Release */,
			);
			defaultConfigurationIsVisible = 0;
			defaultConfigurationName = Release;
		};
		7382AF151AD4D5F0005054D9 /* Build configuration list for PBXNativeTarget "TinyOrderTests" */ = {
			isa = XCConfigurationList;
			buildConfigurations = (
				7382AF161AD4D5F0005054D9 /* Debug */,
				7382AF171AD4D5F0005054D9 /* Release */,
			);
			defaultConfigurationIsVisible = 0;
			defaultConfigurationName = Release;
		};
/* End XCConfigurationList section */
	};
	rootObject = 7382AEED1AD4D5F0005054D9 /* Project object */;
}
